// !$*UTF8*$!
{
	archiveVersion = 1;
	classes = {
	};
	objectVersion = 77;
	objects = {

/* Begin PBXBuildFile section */
		3AF631C95D6E491BB7AA1842 /* ScrollGremlinMonitor.appex in Embed Foundation Extensions */ = {isa = PBXBuildFile; fileRef = 8BEFDCA57E5041B4BD8D4FE1 /* ScrollGremlinMonitor.appex */; settings = {ATTRIBUTES = (RemoveHeadersOnCopy, ); }; };
		58E64EA9E804406EAB106897 /* ScrollGremlinShieldConfig.appex in Embed Foundation Extensions */ = {isa = PBXBuildFile; fileRef = 75F5FE18FED6409BB7136238 /* ScrollGremlinShieldConfig.appex */; settings = {ATTRIBUTES = (RemoveHeadersOnCopy, ); }; };
		D07B3343426943FB9D437F05 /* ScrollGremlinShieldAction.appex in Embed Foundation Extensions */ = {isa = PBXBuildFile; fileRef = 3E85C518A60C4C36BFDD880D /* ScrollGremlinShieldAction.appex */; settings = {ATTRIBUTES = (RemoveHeadersOnCopy, ); }; };
		FFEC3C0E8CA44642A38C64C7 /* ScrollGremlinReport.appex in Embed Foundation Extensions */ = {isa = PBXBuildFile; fileRef = 560D2BBCAF4440F8ADC59711 /* ScrollGremlinReport.appex */; settings = {ATTRIBUTES = (RemoveHeadersOnCopy, ); }; };
/* End PBXBuildFile section */

/* Begin PBXContainerItemProxy section */
		262F45FCF5BD445890D3413A /* PBXContainerItemProxy */ = {
			isa = PBXContainerItemProxy;
			containerPortal = 212A97072F64A64700AE5F16 /* Project object */;
			proxyType = 1;
			remoteGlobalIDString = F22DCA15D8AF4838BA098532;
			remoteInfo = ScrollGremlinMonitor;
		};
		7295BFC513D3420EB34DCB04 /* PBXContainerItemProxy */ = {
			isa = PBXContainerItemProxy;
			containerPortal = 212A97072F64A64700AE5F16 /* Project object */;
			proxyType = 1;
			remoteGlobalIDString = 3EF04529085F4775AFE4BF26;
			remoteInfo = ScrollGremlinReport;
		};
		BAE0454B04FC4D579F2317FF /* PBXContainerItemProxy */ = {
			isa = PBXContainerItemProxy;
			containerPortal = 212A97072F64A64700AE5F16 /* Project object */;
			proxyType = 1;
			remoteGlobalIDString = B72826CD374A4D12B89A9EAD;
			remoteInfo = ScrollGremlinShieldAction;
		};
		D98178B0A6A44ECEBBAA73B6 /* PBXContainerItemProxy */ = {
			isa = PBXContainerItemProxy;
			containerPortal = 212A97072F64A64700AE5F16 /* Project object */;
			proxyType = 1;
			remoteGlobalIDString = 62414837D179411D819766CF;
			remoteInfo = ScrollGremlinShieldConfig;
		};
/* End PBXContainerItemProxy section */

/* Begin PBXCopyFilesBuildPhase section */
		55C1F648E4ED4752A87F59A9 /* Embed Foundation Extensions */ = {
			isa = PBXCopyFilesBuildPhase;
			buildActionMask = 2147483647;
			dstPath = "";
			dstSubfolderSpec = 13;
			files = (
				3AF631C95D6E491BB7AA1842 /* ScrollGremlinMonitor.appex in Embed Foundation Extensions */,
				D07B3343426943FB9D437F05 /* ScrollGremlinShieldAction.appex in Embed Foundation Extensions */,
				58E64EA9E804406EAB106897 /* ScrollGremlinShieldConfig.appex in Embed Foundation Extensions */,
				FFEC3C0E8CA44642A38C64C7 /* ScrollGremlinReport.appex in Embed Foundation Extensions */,
			);
			name = "Embed Foundation Extensions";
			runOnlyForDeploymentPostprocessing = 0;
		};
/* End PBXCopyFilesBuildPhase section */

/* Begin PBXFileReference section */
		212A970F2F64A64700AE5F16 /* ScrollGremlin.app */ = {isa = PBXFileReference; explicitFileType = wrapper.application; includeInIndex = 0; path = ScrollGremlin.app; sourceTree = BUILT_PRODUCTS_DIR; };
		3E85C518A60C4C36BFDD880D /* ScrollGremlinShieldAction.appex */ = {isa = PBXFileReference; explicitFileType = "wrapper.app-extension"; includeInIndex = 0; path = ScrollGremlinShieldAction.appex; sourceTree = BUILT_PRODUCTS_DIR; };
		560D2BBCAF4440F8ADC59711 /* ScrollGremlinReport.appex */ = {isa = PBXFileReference; explicitFileType = "wrapper.app-extension"; includeInIndex = 0; path = ScrollGremlinReport.appex; sourceTree = BUILT_PRODUCTS_DIR; };
		75F5FE18FED6409BB7136238 /* ScrollGremlinShieldConfig.appex */ = {isa = PBXFileReference; explicitFileType = "wrapper.app-extension"; includeInIndex = 0; path = ScrollGremlinShieldConfig.appex; sourceTree = BUILT_PRODUCTS_DIR; };
		8BEFDCA57E5041B4BD8D4FE1 /* ScrollGremlinMonitor.appex */ = {isa = PBXFileReference; explicitFileType = "wrapper.app-extension"; includeInIndex = 0; path = ScrollGremlinMonitor.appex; sourceTree = BUILT_PRODUCTS_DIR; };
/* End PBXFileReference section */

/* Begin PBXFileSystemSynchronizedBuildFileExceptionSet section */
		B31BFC97DDB3465090626EF3 /* PBXFileSystemSynchronizedBuildFileExceptionSet */ = {
			isa = PBXFileSystemSynchronizedBuildFileExceptionSet;
			membershipExceptions = (
				Info.plist,
			);
			target = F22DCA15D8AF4838BA098532 /* ScrollGremlinMonitor */;
		};
		E9489DA11E134F0A88299518 /* PBXFileSystemSynchronizedBuildFileExceptionSet */ = {
			isa = PBXFileSystemSynchronizedBuildFileExceptionSet;
			membershipExceptions = (
				Info.plist,
			);
			target = 3EF04529085F4775AFE4BF26 /* ScrollGremlinReport */;
		};
		4AD0BF7E0F6044429165BB98 /* PBXFileSystemSynchronizedBuildFileExceptionSet */ = {
			isa = PBXFileSystemSynchronizedBuildFileExceptionSet;
			membershipExceptions = (
				Info.plist,
			);
			target = B72826CD374A4D12B89A9EAD /* ScrollGremlinShieldAction */;
		};
		0026C2E3455741E682F11132 /* PBXFileSystemSynchronizedBuildFileExceptionSet */ = {
			isa = PBXFileSystemSynchronizedBuildFileExceptionSet;
			membershipExceptions = (
				Info.plist,
			);
			target = 62414837D179411D819766CF /* ScrollGremlinShieldConfig */;
		};
/* End PBXFileSystemSynchronizedBuildFileExceptionSet section */

/* Begin PBXFileSystemSynchronizedRootGroup section */
		033EAA858AD742ED8F99A062 /* ScrollGremlinMonitor */ = {
			isa = PBXFileSystemSynchronizedRootGroup;
			exceptions = (
				B31BFC97DDB3465090626EF3 /* PBXFileSystemSynchronizedBuildFileExceptionSet */,
			);
			path = ScrollGremlinMonitor;
			sourceTree = "<group>";
		};
		18E18C7568B84ACCAA8AB9B2 /* Shared */ = {
			isa = PBXFileSystemSynchronizedRootGroup;
			path = Shared;
			sourceTree = "<group>";
		};
		1FA4AB89B4BB4D70B571CA21 /* ScrollGremlinReport */ = {
			isa = PBXFileSystemSynchronizedRootGroup;
			exceptions = (
				E9489DA11E134F0A88299518 /* PBXFileSystemSynchronizedBuildFileExceptionSet */,
			);
			path = ScrollGremlinReport;
			sourceTree = "<group>";
		};
		212A97112F64A64700AE5F16 /* ScrollGremlin */ = {
			isa = PBXFileSystemSynchronizedRootGroup;
			path = ScrollGremlin;
			sourceTree = "<group>";
		};
		2298F07AB35D422FBEF38784 /* ScrollGremlinShieldConfig */ = {
			isa = PBXFileSystemSynchronizedRootGroup;
			exceptions = (
				0026C2E3455741E682F11132 /* PBXFileSystemSynchronizedBuildFileExceptionSet */,
			);
			path = ScrollGremlinShieldConfig;
			sourceTree = "<group>";
		};
		80B96CA831B24D159151C6B0 /* ScrollGremlinShieldAction */ = {
			isa = PBXFileSystemSynchronizedRootGroup;
			exceptions = (
				4AD0BF7E0F6044429165BB98 /* PBXFileSystemSynchronizedBuildFileExceptionSet */,
			);
			path = ScrollGremlinShieldAction;
			sourceTree = "<group>";
		};
/* End PBXFileSystemSynchronizedRootGroup section */

/* Begin PBXFrameworksBuildPhase section */
		212A970C2F64A64700AE5F16 /* Frameworks */ = {
			isa = PBXFrameworksBuildPhase;
			buildActionMask = 2147483647;
			files = (
			);
			runOnlyForDeploymentPostprocessing = 0;
		};
		3352B403664249CE85735906 /* Frameworks */ = {
			isa = PBXFrameworksBuildPhase;
			buildActionMask = 2147483647;
			files = (
			);
			runOnlyForDeploymentPostprocessing = 0;
		};
		9F55400AAF93444284F0C5EA /* Frameworks */ = {
			isa = PBXFrameworksBuildPhase;
			buildActionMask = 2147483647;
			files = (
			);
			runOnlyForDeploymentPostprocessing = 0;
		};
		B333AD4EC9AC48EA824B716B /* Frameworks */ = {
			isa = PBXFrameworksBuildPhase;
			buildActionMask = 2147483647;
			files = (
			);
			runOnlyForDeploymentPostprocessing = 0;
		};
		B5800D97FB5C4A188B63E156 /* Frameworks */ = {
			isa = PBXFrameworksBuildPhase;
			buildActionMask = 2147483647;
			files = (
			);
			runOnlyForDeploymentPostprocessing = 0;
		};
/* End PBXFrameworksBuildPhase section */

/* Begin PBXGroup section */
		212A97062F64A64700AE5F16 = {
			isa = PBXGroup;
			children = (
				212A97112F64A64700AE5F16 /* ScrollGremlin */,
				18E18C7568B84ACCAA8AB9B2 /* Shared */,
				033EAA858AD742ED8F99A062 /* ScrollGremlinMonitor */,
				80B96CA831B24D159151C6B0 /* ScrollGremlinShieldAction */,
				2298F07AB35D422FBEF38784 /* ScrollGremlinShieldConfig */,
				1FA4AB89B4BB4D70B571CA21 /* ScrollGremlinReport */,
				212A97102F64A64700AE5F16 /* Products */,
			);
			sourceTree = "<group>";
		};
		212A97102F64A64700AE5F16 /* Products */ = {
			isa = PBXGroup;
			children = (
				212A970F2F64A64700AE5F16 /* ScrollGremlin.app */,
				8BEFDCA57E5041B4BD8D4FE1 /* ScrollGremlinMonitor.appex */,
				3E85C518A60C4C36BFDD880D /* ScrollGremlinShieldAction.appex */,
				75F5FE18FED6409BB7136238 /* ScrollGremlinShieldConfig.appex */,
				560D2BBCAF4440F8ADC59711 /* ScrollGremlinReport.appex */,
			);
			name = Products;
			sourceTree = "<group>";
		};
/* End PBXGroup section */

/* Begin PBXNativeTarget section */
		212A970E2F64A64700AE5F16 /* ScrollGremlin */ = {
			isa = PBXNativeTarget;
			buildConfigurationList = 212A971A2F64A64800AE5F16 /* Build configuration list for PBXNativeTarget "ScrollGremlin" */;
			buildPhases = (
				212A970B2F64A64700AE5F16 /* Sources */,
				212A970C2F64A64700AE5F16 /* Frameworks */,
				212A970D2F64A64700AE5F16 /* Resources */,
				55C1F648E4ED4752A87F59A9 /* Embed Foundation Extensions */,
			);
			buildRules = (
			);
			dependencies = (
				015021B3B40046279FBEEAEB /* PBXTargetDependency */,
				7BB467AF2E5D4CD3A7863962 /* PBXTargetDependency */,
				FBC5CA18D22248B995FABD55 /* PBXTargetDependency */,
				E899C9D77EFD4B4EBBB47853 /* PBXTargetDependency */,
			);
			fileSystemSynchronizedGroups = (
				18E18C7568B84ACCAA8AB9B2 /* Shared */,
				212A97112F64A64700AE5F16 /* ScrollGremlin */,
			);
			name = ScrollGremlin;
			packageProductDependencies = (
			);
			productName = ScrollGremlin;
			productReference = 212A970F2F64A64700AE5F16 /* ScrollGremlin.app */;
			productType = "com.apple.product-type.application";
		};
		3EF04529085F4775AFE4BF26 /* ScrollGremlinReport */ = {
			isa = PBXNativeTarget;
			buildConfigurationList = 5797747CBB2D4EF69E324340 /* Build configuration list for PBXNativeTarget "ScrollGremlinReport" */;
			buildPhases = (
				76A3CDB4DD4B4365B253B93D /* Sources */,
				3352B403664249CE85735906 /* Frameworks */,
				EC50730E5775405E91358123 /* Resources */,
			);
			buildRules = (
			);
			dependencies = (
			);
			fileSystemSynchronizedGroups = (
				1FA4AB89B4BB4D70B571CA21 /* ScrollGremlinReport */,
			);
			name = ScrollGremlinReport;
			packageProductDependencies = (
			);
			productName = ScrollGremlinReport;
			productReference = 560D2BBCAF4440F8ADC59711 /* ScrollGremlinReport.appex */;
			productType = "com.apple.product-type.app-extension";
		};
		62414837D179411D819766CF /* ScrollGremlinShieldConfig */ = {
			isa = PBXNativeTarget;
			buildConfigurationList = 17DC455088D94E169C1FD4B6 /* Build configuration list for PBXNativeTarget "ScrollGremlinShieldConfig" */;
			buildPhases = (
				73AC6A05D9144A5BB05D2232 /* Sources */,
				9F55400AAF93444284F0C5EA /* Frameworks */,
				01F1745EFD1541C9AE8DC239 /* Resources */,
			);
			buildRules = (
			);
			dependencies = (
			);
			fileSystemSynchronizedGroups = (
				2298F07AB35D422FBEF38784 /* ScrollGremlinShieldConfig */,
			);
			name = ScrollGremlinShieldConfig;
			packageProductDependencies = (
			);
			productName = ScrollGremlinShieldConfig;
			productReference = 75F5FE18FED6409BB7136238 /* ScrollGremlinShieldConfig.appex */;
			productType = "com.apple.product-type.app-extension";
		};
		B72826CD374A4D12B89A9EAD /* ScrollGremlinShieldAction */ = {
			isa = PBXNativeTarget;
			buildConfigurationList = 2C1FF5141C6F4C41B5BD81CC /* Build configuration list for PBXNativeTarget "ScrollGremlinShieldAction" */;
			buildPhases = (
				58BA4B7C00A649D9B55670C7 /* Sources */,
				B5800D97FB5C4A188B63E156 /* Frameworks */,
				BDD21E2BD4F94B1CABB3C5F7 /* Resources */,
			);
			buildRules = (
			);
			dependencies = (
			);
			fileSystemSynchronizedGroups = (
				18E18C7568B84ACCAA8AB9B2 /* Shared */,
				80B96CA831B24D159151C6B0 /* ScrollGremlinShieldAction */,
			);
			name = ScrollGremlinShieldAction;
			packageProductDependencies = (
			);
			productName = ScrollGremlinShieldAction;
			productReference = 3E85C518A60C4C36BFDD880D /* ScrollGremlinShieldAction.appex */;
			productType = "com.apple.product-type.app-extension";
		};
		F22DCA15D8AF4838BA098532 /* ScrollGremlinMonitor */ = {
			isa = PBXNativeTarget;
			buildConfigurationList = F1A5FDC0725941F583EF1A51 /* Build configuration list for PBXNativeTarget "ScrollGremlinMonitor" */;
			buildPhases = (
				B3201324C29647B6A6A6D27F /* Sources */,
				B333AD4EC9AC48EA824B716B /* Frameworks */,
				B394E98CFE584D34B97FC9B4 /* Resources */,
			);
			buildRules = (
			);
			dependencies = (
			);
			fileSystemSynchronizedGroups = (
				033EAA858AD742ED8F99A062 /* ScrollGremlinMonitor */,
				18E18C7568B84ACCAA8AB9B2 /* Shared */,
			);
			name = ScrollGremlinMonitor;
			packageProductDependencies = (
			);
			productName = ScrollGremlinMonitor;
			productReference = 8BEFDCA57E5041B4BD8D4FE1 /* ScrollGremlinMonitor.appex */;
			productType = "com.apple.product-type.app-extension";
		};
/* End PBXNativeTarget section */

/* Begin PBXProject section */
		212A97072F64A64700AE5F16 /* Project object */ = {
			isa = PBXProject;
			attributes = {
				BuildIndependentTargetsInParallel = 1;
				LastSwiftUpdateCheck = 2630;
				LastUpgradeCheck = 2630;
				TargetAttributes = {
					212A970E2F64A64700AE5F16 = {
						CreatedOnToolsVersion = 26.3;
					};
					3EF04529085F4775AFE4BF26 = {
						CreatedOnToolsVersion = 26.3;
					};
					62414837D179411D819766CF = {
						CreatedOnToolsVersion = 26.3;
					};
					B72826CD374A4D12B89A9EAD = {
						CreatedOnToolsVersion = 26.3;
					};
					F22DCA15D8AF4838BA098532 = {
						CreatedOnToolsVersion = 26.3;
					};
				};
			};
			buildConfigurationList = 212A970A2F64A64700AE5F16 /* Build configuration list for PBXProject "IntentBlock" */;
			developmentRegion = en;
			hasScannedForEncodings = 0;
			knownRegions = (
				en,
				Base,
			);
			mainGroup = 212A97062F64A64700AE5F16;
			minimizedProjectReferenceProxies = 1;
			preferredProjectObjectVersion = 77;
			productRefGroup = 212A97102F64A64700AE5F16 /* Products */;
			projectDirPath = "";
			projectRoot = "";
			targets = (
				212A970E2F64A64700AE5F16 /* ScrollGremlin */,
				F22DCA15D8AF4838BA098532 /* ScrollGremlinMonitor */,
				B72826CD374A4D12B89A9EAD /* ScrollGremlinShieldAction */,
				62414837D179411D819766CF /* ScrollGremlinShieldConfig */,
				3EF04529085F4775AFE4BF26 /* ScrollGremlinReport */,
			);
		};
/* End PBXProject section */

/* Begin PBXResourcesBuildPhase section */
		01F1745EFD1541C9AE8DC239 /* Resources */ = {
			isa = PBXResourcesBuildPhase;
			buildActionMask = 2147483647;
			files = (
			);
			runOnlyForDeploymentPostprocessing = 0;
		};
		212A970D2F64A64700AE5F16 /* Resources */ = {
			isa = PBXResourcesBuildPhase;
			buildActionMask = 2147483647;
			files = (
			);
			runOnlyForDeploymentPostprocessing = 0;
		};
		B394E98CFE584D34B97FC9B4 /* Resources */ = {
			isa = PBXResourcesBuildPhase;
			buildActionMask = 2147483647;
			files = (
			);
			runOnlyForDeploymentPostprocessing = 0;
		};
		BDD21E2BD4F94B1CABB3C5F7 /* Resources */ = {
			isa = PBXResourcesBuildPhase;
			buildActionMask = 2147483647;
			files = (
			);
			runOnlyForDeploymentPostprocessing = 0;
		};
		EC50730E5775405E91358123 /* Resources */ = {
			isa = PBXResourcesBuildPhase;
			buildActionMask = 2147483647;
			files = (
			);
			runOnlyForDeploymentPostprocessing = 0;
		};
/* End PBXResourcesBuildPhase section */

/* Begin PBXSourcesBuildPhase section */
		212A970B2F64A64700AE5F16 /* Sources */ = {
			isa = PBXSourcesBuildPhase;
			buildActionMask = 2147483647;
			files = (
			);
			runOnlyForDeploymentPostprocessing = 0;
		};
		58BA4B7C00A649D9B55670C7 /* Sources */ = {
			isa = PBXSourcesBuildPhase;
			buildActionMask = 2147483647;
			files = (
			);
			runOnlyForDeploymentPostprocessing = 0;
		};
		73AC6A05D9144A5BB05D2232 /* Sources */ = {
			isa = PBXSourcesBuildPhase;
			buildActionMask = 2147483647;
			files = (
			);
			runOnlyForDeploymentPostprocessing = 0;
		};
		76A3CDB4DD4B4365B253B93D /* Sources */ = {
			isa = PBXSourcesBuildPhase;
			buildActionMask = 2147483647;
			files = (
			);
			runOnlyForDeploymentPostprocessing = 0;
		};
		B3201324C29647B6A6A6D27F /* Sources */ = {
			isa = PBXSourcesBuildPhase;
			buildActionMask = 2147483647;
			files = (
			);
			runOnlyForDeploymentPostprocessing = 0;
		};
/* End PBXSourcesBuildPhase section */

/* Begin PBXTargetDependency section */
		015021B3B40046279FBEEAEB /* PBXTargetDependency */ = {
			isa = PBXTargetDependency;
			target = F22DCA15D8AF4838BA098532 /* ScrollGremlinMonitor */;
			targetProxy = 262F45FCF5BD445890D3413A /* PBXContainerItemProxy */;
		};
		7BB467AF2E5D4CD3A7863962 /* PBXTargetDependency */ = {
			isa = PBXTargetDependency;
			target = B72826CD374A4D12B89A9EAD /* ScrollGremlinShieldAction */;
			targetProxy = BAE0454B04FC4D579F2317FF /* PBXContainerItemProxy */;
		};
		E899C9D77EFD4B4EBBB47853 /* PBXTargetDependency */ = {
			isa = PBXTargetDependency;
			target = 3EF04529085F4775AFE4BF26 /* ScrollGremlinReport */;
			targetProxy = 7295BFC513D3420EB34DCB04 /* PBXContainerItemProxy */;
		};
		FBC5CA18D22248B995FABD55 /* PBXTargetDependency */ = {
			isa = PBXTargetDependency;
			target = 62414837D179411D819766CF /* ScrollGremlinShieldConfig */;
			targetProxy = D98178B0A6A44ECEBBAA73B6 /* PBXContainerItemProxy */;
		};
/* End PBXTargetDependency section */

/* Begin XCBuildConfiguration section */
		212A97182F64A64800AE5F16 /* Debug */ = {
			isa = XCBuildConfiguration;
			buildSettings = {
				ALWAYS_SEARCH_USER_PATHS = NO;
				ASSETCATALOG_COMPILER_GENERATE_SWIFT_ASSET_SYMBOL_EXTENSIONS = YES;
				CLANG_ANALYZER_NONNULL = YES;
				CLANG_ANALYZER_NUMBER_OBJECT_CONVERSION = YES_AGGRESSIVE;
				CLANG_CXX_LANGUAGE_STANDARD = "gnu++20";
				CLANG_ENABLE_MODULES = YES;
				CLANG_ENABLE_OBJC_ARC = YES;
				CLANG_ENABLE_OBJC_WEAK = YES;
				CLANG_WARN_BLOCK_CAPTURE_AUTORELEASING = YES;
				CLANG_WARN_BOOL_CONVERSION = YES;
				CLANG_WARN_COMMA = YES;
				CLANG_WARN_CONSTANT_CONVERSION = YES;
				CLANG_WARN_DEPRECATED_OBJC_IMPLEMENTATIONS = YES;
				CLANG_WARN_DIRECT_OBJC_ISA_USAGE = YES_ERROR;
				CLANG_WARN_DOCUMENTATION_COMMENTS = YES;
				CLANG_WARN_EMPTY_BODY = YES;
				CLANG_WARN_ENUM_CONVERSION = YES;
				CLANG_WARN_INFINITE_RECURSION = YES;
				CLANG_WARN_INT_CONVERSION = YES;
				CLANG_WARN_NON_LITERAL_NULL_CONVERSION = YES;
				CLANG_WARN_OBJC_IMPLICIT_RETAIN_SELF = YES;
				CLANG_WARN_OBJC_LITERAL_CONVERSION = YES;
				CLANG_WARN_OBJC_ROOT_CLASS = YES_ERROR;
				CLANG_WARN_QUOTED_INCLUDE_IN_FRAMEWORK_HEADER = YES;
				CLANG_WARN_RANGE_LOOP_ANALYSIS = YES;
				CLANG_WARN_STRICT_PROTOTYPES = YES;
				CLANG_WARN_SUSPICIOUS_MOVE = YES;
				CLANG_WARN_UNGUARDED_AVAILABILITY = YES_AGGRESSIVE;
				CLANG_WARN_UNREACHABLE_CODE = YES;
				CLANG_WARN__DUPLICATE_METHOD_MATCH = YES;
				COPY_PHASE_STRIP = NO;
				DEBUG_INFORMATION_FORMAT = dwarf;
				ENABLE_STRICT_OBJC_MSGSEND = YES;
				ENABLE_TESTABILITY = YES;
				ENABLE_USER_SCRIPT_SANDBOXING = YES;
				GCC_C_LANGUAGE_STANDARD = gnu17;
				GCC_DYNAMIC_NO_PIC = NO;
				GCC_NO_COMMON_BLOCKS = YES;
				GCC_OPTIMIZATION_LEVEL = 0;
				GCC_PREPROCESSOR_DEFINITIONS = (
					"DEBUG=1",
					"$(inherited)",
				);
				GCC_WARN_64_TO_32_BIT_CONVERSION = YES;
				GCC_WARN_ABOUT_RETURN_TYPE = YES_ERROR;
				GCC_WARN_UNDECLARED_SELECTOR = YES;
				GCC_WARN_UNINITIALIZED_AUTOS = YES_AGGRESSIVE;
				GCC_WARN_UNUSED_FUNCTION = YES;
				GCC_WARN_UNUSED_VARIABLE = YES;
				LOCALIZATION_PREFERS_STRING_CATALOGS = YES;
				MTL_ENABLE_DEBUG_INFO = INCLUDE_SOURCE;
				MTL_FAST_MATH = YES;
				ONLY_ACTIVE_ARCH = YES;
				SWIFT_ACTIVE_COMPILATION_CONDITIONS = "DEBUG $(inherited)";
				SWIFT_OPTIMIZATION_LEVEL = "-Onone";
			};
			name = Debug;
		};
		212A97192F64A64800AE5F16 /* Release */ = {
			isa = XCBuildConfiguration;
			buildSettings = {
				ALWAYS_SEARCH_USER_PATHS = NO;
				ASSETCATALOG_COMPILER_GENERATE_SWIFT_ASSET_SYMBOL_EXTENSIONS = YES;
				CLANG_ANALYZER_NONNULL = YES;
				CLANG_ANALYZER_NUMBER_OBJECT_CONVERSION = YES_AGGRESSIVE;
				CLANG_CXX_LANGUAGE_STANDARD = "gnu++20";
				CLANG_ENABLE_MODULES = YES;
				CLANG_ENABLE_OBJC_ARC = YES;
				CLANG_ENABLE_OBJC_WEAK = YES;
				CLANG_WARN_BLOCK_CAPTURE_AUTORELEASING = YES;
				CLANG_WARN_BOOL_CONVERSION = YES;
				CLANG_WARN_COMMA = YES;
				CLANG_WARN_CONSTANT_CONVERSION = YES;
				CLANG_WARN_DEPRECATED_OBJC_IMPLEMENTATIONS = YES;
				CLANG_WARN_DIRECT_OBJC_ISA_USAGE = YES_ERROR;
				CLANG_WARN_DOCUMENTATION_COMMENTS = YES;
				CLANG_WARN_EMPTY_BODY = YES;
				CLANG_WARN_ENUM_CONVERSION = YES;
				CLANG_WARN_INFINITE_RECURSION = YES;
				CLANG_WARN_INT_CONVERSION = YES;
				CLANG_WARN_NON_LITERAL_NULL_CONVERSION = YES;
				CLANG_WARN_OBJC_IMPLICIT_RETAIN_SELF = YES;
				CLANG_WARN_OBJC_LITERAL_CONVERSION = YES;
				CLANG_WARN_OBJC_ROOT_CLASS = YES_ERROR;
				CLANG_WARN_QUOTED_INCLUDE_IN_FRAMEWORK_HEADER = YES;
				CLANG_WARN_RANGE_LOOP_ANALYSIS = YES;
				CLANG_WARN_STRICT_PROTOTYPES = YES;
				CLANG_WARN_SUSPICIOUS_MOVE = YES;
				CLANG_WARN_UNGUARDED_AVAILABILITY = YES_AGGRESSIVE;
				CLANG_WARN_UNREACHABLE_CODE = YES;
				CLANG_WARN__DUPLICATE_METHOD_MATCH = YES;
				COPY_PHASE_STRIP = NO;
				DEBUG_INFORMATION_FORMAT = "dwarf-with-dsym";
				ENABLE_NS_ASSERTIONS = NO;
				ENABLE_STRICT_OBJC_MSGSEND = YES;
				ENABLE_USER_SCRIPT_SANDBOXING = YES;
				GCC_C_LANGUAGE_STANDARD = gnu17;
				GCC_NO_COMMON_BLOCKS = YES;
				GCC_WARN_64_TO_32_BIT_CONVERSION = YES;
				GCC_WARN_ABOUT_RETURN_TYPE = YES_ERROR;
				GCC_WARN_UNDECLARED_SELECTOR = YES;
				GCC_WARN_UNINITIALIZED_AUTOS = YES_AGGRESSIVE;
				GCC_WARN_UNUSED_FUNCTION = YES;
				GCC_WARN_UNUSED_VARIABLE = YES;
				LOCALIZATION_PREFERS_STRING_CATALOGS = YES;
				MTL_ENABLE_DEBUG_INFO = NO;
				MTL_FAST_MATH = YES;
				SWIFT_COMPILATION_MODE = wholemodule;
			};
			name = Release;
		};
		212A971B2F64A64800AE5F16 /* Debug */ = {
			isa = XCBuildConfiguration;
			buildSettings = {
				ASSETCATALOG_COMPILER_APPICON_NAME = AppIcon;
				ASSETCATALOG_COMPILER_GLOBAL_ACCENT_COLOR_NAME = AccentColor;
				CODE_SIGN_ENTITLEMENTS = ScrollGremlin/Resources/ScrollGremlin.entitlements;
				CODE_SIGN_STYLE = Automatic;
				CURRENT_PROJECT_VERSION = 1;
				DEVELOPMENT_TEAM = BVD8RUQX4N;
				ENABLE_APP_SANDBOX = YES;
				ENABLE_PREVIEWS = YES;
				ENABLE_USER_SELECTED_FILES = readonly;
				GENERATE_INFOPLIST_FILE = YES;
				INFOPLIST_KEY_CFBundleDisplayName = ScrollGremlin;
				"INFOPLIST_KEY_UIApplicationSceneManifest_Generation[sdk=iphoneos*]" = YES;
				"INFOPLIST_KEY_UIApplicationSceneManifest_Generation[sdk=iphonesimulator*]" = YES;
				"INFOPLIST_KEY_UIApplicationSupportsIndirectInputEvents[sdk=iphoneos*]" = YES;
				"INFOPLIST_KEY_UIApplicationSupportsIndirectInputEvents[sdk=iphonesimulator*]" = YES;
				"INFOPLIST_KEY_UILaunchScreen_Generation[sdk=iphoneos*]" = YES;
				"INFOPLIST_KEY_UILaunchScreen_Generation[sdk=iphonesimulator*]" = YES;
				"INFOPLIST_KEY_UIStatusBarStyle[sdk=iphoneos*]" = UIStatusBarStyleDefault;
				"INFOPLIST_KEY_UIStatusBarStyle[sdk=iphonesimulator*]" = UIStatusBarStyleDefault;
				INFOPLIST_KEY_UISupportedInterfaceOrientations_iPad = "UIInterfaceOrientationPortrait UIInterfaceOrientationPortraitUpsideDown UIInterfaceOrientationLandscapeLeft UIInterfaceOrientationLandscapeRight";
				INFOPLIST_KEY_UISupportedInterfaceOrientations_iPhone = "UIInterfaceOrientationPortrait UIInterfaceOrientationLandscapeLeft UIInterfaceOrientationLandscapeRight";
				IPHONEOS_DEPLOYMENT_TARGET = 16.4;
				LD_RUNPATH_SEARCH_PATHS = "@executable_path/Frameworks";
				"LD_RUNPATH_SEARCH_PATHS[sdk=macosx*]" = "@executable_path/../Frameworks";
				MACOSX_DEPLOYMENT_TARGET = 26.2;
				MARKETING_VERSION = 1.0;
				PRODUCT_BUNDLE_IDENTIFIER = motesting.ScrollGremlin;
				PRODUCT_NAME = "$(TARGET_NAME)";
				REGISTER_APP_GROUPS = YES;
				SDKROOT = auto;
				STRING_CATALOG_GENERATE_SYMBOLS = YES;
				SUPPORTED_PLATFORMS = "iphoneos iphonesimulator macosx xros xrsimulator";
				SWIFT_APPROACHABLE_CONCURRENCY = YES;
				SWIFT_DEFAULT_ACTOR_ISOLATION = MainActor;
				SWIFT_EMIT_LOC_STRINGS = YES;
				SWIFT_UPCOMING_FEATURE_MEMBER_IMPORT_VISIBILITY = YES;
				SWIFT_VERSION = 5.0;
				TARGETED_DEVICE_FAMILY = "1,2,7";
				XROS_DEPLOYMENT_TARGET = 26.2;
			};
			name = Debug;
		};
		212A971C2F64A64800AE5F16 /* Release */ = {
			isa = XCBuildConfiguration;
			buildSettings = {
				ASSETCATALOG_COMPILER_APPICON_NAME = AppIcon;
				ASSETCATALOG_COMPILER_GLOBAL_ACCENT_COLOR_NAME = AccentColor;
				CODE_SIGN_ENTITLEMENTS = ScrollGremlin/Resources/ScrollGremlin.entitlements;
				CODE_SIGN_STYLE = Automatic;
				CURRENT_PROJECT_VERSION = 1;
				DEVELOPMENT_TEAM = BVD8RUQX4N;
				ENABLE_APP_SANDBOX = YES;
				ENABLE_PREVIEWS = YES;
				ENABLE_USER_SELECTED_FILES = readonly;
				GENERATE_INFOPLIST_FILE = YES;
				INFOPLIST_KEY_CFBundleDisplayName = ScrollGremlin;
				"INFOPLIST_KEY_UIApplicationSceneManifest_Generation[sdk=iphoneos*]" = YES;
				"INFOPLIST_KEY_UIApplicationSceneManifest_Generation[sdk=iphonesimulator*]" = YES;
				"INFOPLIST_KEY_UIApplicationSupportsIndirectInputEvents[sdk=iphoneos*]" = YES;
				"INFOPLIST_KEY_UIApplicationSupportsIndirectInputEvents[sdk=iphonesimulator*]" = YES;
				"INFOPLIST_KEY_UILaunchScreen_Generation[sdk=iphoneos*]" = YES;
				"INFOPLIST_KEY_UILaunchScreen_Generation[sdk=iphonesimulator*]" = YES;
				"INFOPLIST_KEY_UIStatusBarStyle[sdk=iphoneos*]" = UIStatusBarStyleDefault;
				"INFOPLIST_KEY_UIStatusBarStyle[sdk=iphonesimulator*]" = UIStatusBarStyleDefault;
				INFOPLIST_KEY_UISupportedInterfaceOrientations_iPad = "UIInterfaceOrientationPortrait UIInterfaceOrientationPortraitUpsideDown UIInterfaceOrientationLandscapeLeft UIInterfaceOrientationLandscapeRight";
				INFOPLIST_KEY_UISupportedInterfaceOrientations_iPhone = "UIInterfaceOrientationPortrait UIInterfaceOrientationLandscapeLeft UIInterfaceOrientationLandscapeRight";
				IPHONEOS_DEPLOYMENT_TARGET = 16.4;
				LD_RUNPATH_SEARCH_PATHS = "@executable_path/Frameworks";
				"LD_RUNPATH_SEARCH_PATHS[sdk=macosx*]" = "@executable_path/../Frameworks";
				MACOSX_DEPLOYMENT_TARGET = 26.2;
				MARKETING_VERSION = 1.0;
				PRODUCT_BUNDLE_IDENTIFIER = motesting.ScrollGremlin;
				PRODUCT_NAME = "$(TARGET_NAME)";
				REGISTER_APP_GROUPS = YES;
				SDKROOT = auto;
				STRING_CATALOG_GENERATE_SYMBOLS = YES;
				SUPPORTED_PLATFORMS = "iphoneos iphonesimulator macosx xros xrsimulator";
				SWIFT_APPROACHABLE_CONCURRENCY = YES;
				SWIFT_DEFAULT_ACTOR_ISOLATION = MainActor;
				SWIFT_EMIT_LOC_STRINGS = YES;
				SWIFT_UPCOMING_FEATURE_MEMBER_IMPORT_VISIBILITY = YES;
				SWIFT_VERSION = 5.0;
				TARGETED_DEVICE_FAMILY = "1,2,7";
				XROS_DEPLOYMENT_TARGET = 26.2;
			};
			name = Release;
		};
		5C554F3B5EF8445A9AAA3672 /* Debug */ = {
			isa = XCBuildConfiguration;
			buildSettings = {
				CODE_SIGN_ENTITLEMENTS = ScrollGremlinReport/ScrollGremlinReport.entitlements;
				CODE_SIGN_STYLE = Automatic;
				CURRENT_PROJECT_VERSION = 1;
				DEVELOPMENT_TEAM = BVD8RUQX4N;
				GENERATE_INFOPLIST_FILE = NO;
				INFOPLIST_FILE = ScrollGremlinReport/Info.plist;
				IPHONEOS_DEPLOYMENT_TARGET = 16.4;
				LD_RUNPATH_SEARCH_PATHS = "@executable_path/../../Frameworks";
				MARKETING_VERSION = 1.0;
				PRODUCT_BUNDLE_IDENTIFIER = motesting.ScrollGremlin.report;
				PRODUCT_NAME = "$(TARGET_NAME)";
				SDKROOT = iphoneos;
				SKIP_INSTALL = YES;
				SWIFT_OPTIMIZATION_LEVEL = "-Onone";
				SWIFT_VERSION = 5.0;
				TARGETED_DEVICE_FAMILY = "1,2";
			};
			name = Debug;
		};
		68F876151C2A44C6B3FF94AA /* Debug */ = {
			isa = XCBuildConfiguration;
			buildSettings = {
				CODE_SIGN_ENTITLEMENTS = ScrollGremlinShieldConfig/ScrollGremlinShieldConfig.entitlements;
				CODE_SIGN_STYLE = Automatic;
				CURRENT_PROJECT_VERSION = 1;
				DEVELOPMENT_TEAM = BVD8RUQX4N;
				GENERATE_INFOPLIST_FILE = NO;
				INFOPLIST_FILE = ScrollGremlinShieldConfig/Info.plist;
				IPHONEOS_DEPLOYMENT_TARGET = 16.4;
				LD_RUNPATH_SEARCH_PATHS = "@executable_path/../../Frameworks";
				MARKETING_VERSION = 1.0;
				PRODUCT_BUNDLE_IDENTIFIER = motesting.ScrollGremlin.shieldconfig;
				PRODUCT_NAME = "$(TARGET_NAME)";
				SDKROOT = iphoneos;
				SKIP_INSTALL = YES;
				SWIFT_OPTIMIZATION_LEVEL = "-Onone";
				SWIFT_VERSION = 5.0;
				TARGETED_DEVICE_FAMILY = "1,2";
			};
			name = Debug;
		};
		722532A089534A1490F63989 /* Release */ = {
			isa = XCBuildConfiguration;
			buildSettings = {
				CODE_SIGN_ENTITLEMENTS = ScrollGremlinShieldConfig/ScrollGremlinShieldConfig.entitlements;
				CODE_SIGN_STYLE = Automatic;
				CURRENT_PROJECT_VERSION = 1;
				DEVELOPMENT_TEAM = BVD8RUQX4N;
				GENERATE_INFOPLIST_FILE = NO;
				INFOPLIST_FILE = ScrollGremlinShieldConfig/Info.plist;
				IPHONEOS_DEPLOYMENT_TARGET = 16.4;
				LD_RUNPATH_SEARCH_PATHS = "@executable_path/../../Frameworks";
				MARKETING_VERSION = 1.0;
				PRODUCT_BUNDLE_IDENTIFIER = motesting.ScrollGremlin.shieldconfig;
				PRODUCT_NAME = "$(TARGET_NAME)";
				SDKROOT = iphoneos;
				SKIP_INSTALL = YES;
				SWIFT_OPTIMIZATION_LEVEL = "-O";
				SWIFT_VERSION = 5.0;
				TARGETED_DEVICE_FAMILY = "1,2";
			};
			name = Release;
		};
		7BC4907E2B5142568C543A7C /* Release */ = {
			isa = XCBuildConfiguration;
			buildSettings = {
				CODE_SIGN_ENTITLEMENTS = ScrollGremlinReport/ScrollGremlinReport.entitlements;
				CODE_SIGN_STYLE = Automatic;
				CURRENT_PROJECT_VERSION = 1;
				DEVELOPMENT_TEAM = BVD8RUQX4N;
				GENERATE_INFOPLIST_FILE = NO;
				INFOPLIST_FILE = ScrollGremlinReport/Info.plist;
				IPHONEOS_DEPLOYMENT_TARGET = 16.4;
				LD_RUNPATH_SEARCH_PATHS = "@executable_path/../../Frameworks";
				MARKETING_VERSION = 1.0;
				PRODUCT_BUNDLE_IDENTIFIER = motesting.ScrollGremlin.report;
				PRODUCT_NAME = "$(TARGET_NAME)";
				SDKROOT = iphoneos;
				SKIP_INSTALL = YES;
				SWIFT_OPTIMIZATION_LEVEL = "-O";
				SWIFT_VERSION = 5.0;
				TARGETED_DEVICE_FAMILY = "1,2";
			};
			name = Release;
		};
		9ABBAADF320D418EB032CC34 /* Release */ = {
			isa = XCBuildConfiguration;
			buildSettings = {
				CODE_SIGN_ENTITLEMENTS = ScrollGremlinShieldAction/ScrollGremlinShieldAction.entitlements;
				CODE_SIGN_STYLE = Automatic;
				CURRENT_PROJECT_VERSION = 1;
				DEVELOPMENT_TEAM = BVD8RUQX4N;
				GENERATE_INFOPLIST_FILE = NO;
				INFOPLIST_FILE = ScrollGremlinShieldAction/Info.plist;
				IPHONEOS_DEPLOYMENT_TARGET = 16.4;
				LD_RUNPATH_SEARCH_PATHS = "@executable_path/../../Frameworks";
				MARKETING_VERSION = 1.0;
				PRODUCT_BUNDLE_IDENTIFIER = motesting.ScrollGremlin.shieldaction;
				PRODUCT_NAME = "$(TARGET_NAME)";
				SDKROOT = iphoneos;
				SKIP_INSTALL = YES;
				SWIFT_OPTIMIZATION_LEVEL = "-O";
				SWIFT_VERSION = 5.0;
				TARGETED_DEVICE_FAMILY = "1,2";
			};
			name = Release;
		};
		BA870CB62C304353AA0FEF67 /* Debug */ = {
			isa = XCBuildConfiguration;
			buildSettings = {
				CODE_SIGN_ENTITLEMENTS = ScrollGremlinMonitor/ScrollGremlinMonitor.entitlements;
				CODE_SIGN_STYLE = Automatic;
				CURRENT_PROJECT_VERSION = 1;
				DEVELOPMENT_TEAM = BVD8RUQX4N;
				GENERATE_INFOPLIST_FILE = NO;
				INFOPLIST_FILE = ScrollGremlinMonitor/Info.plist;
				IPHONEOS_DEPLOYMENT_TARGET = 16.4;
				LD_RUNPATH_SEARCH_PATHS = "@executable_path/../../Frameworks";
				MARKETING_VERSION = 1.0;
				PRODUCT_BUNDLE_IDENTIFIER = motesting.ScrollGremlin.monitor;
				PRODUCT_NAME = "$(TARGET_NAME)";
				SDKROOT = iphoneos;
				SKIP_INSTALL = YES;
				SWIFT_OPTIMIZATION_LEVEL = "-Onone";
				SWIFT_VERSION = 5.0;
				TARGETED_DEVICE_FAMILY = "1,2";
			};
			name = Debug;
		};
		CB940F86111E4D9395320FD5 /* Release */ = {
			isa = XCBuildConfiguration;
			buildSettings = {
				CODE_SIGN_ENTITLEMENTS = ScrollGremlinMonitor/ScrollGremlinMonitor.entitlements;
				CODE_SIGN_STYLE = Automatic;
				CURRENT_PROJECT_VERSION = 1;
				DEVELOPMENT_TEAM = BVD8RUQX4N;
				GENERATE_INFOPLIST_FILE = NO;
				INFOPLIST_FILE = ScrollGremlinMonitor/Info.plist;
				IPHONEOS_DEPLOYMENT_TARGET = 16.4;
				LD_RUNPATH_SEARCH_PATHS = "@executable_path/../../Frameworks";
				MARKETING_VERSION = 1.0;
				PRODUCT_BUNDLE_IDENTIFIER = motesting.ScrollGremlin.monitor;
				PRODUCT_NAME = "$(TARGET_NAME)";
				SDKROOT = iphoneos;
				SKIP_INSTALL = YES;
				SWIFT_OPTIMIZATION_LEVEL = "-O";
				SWIFT_VERSION = 5.0;
				TARGETED_DEVICE_FAMILY = "1,2";
			};
			name = Release;
		};
		D679A3C5BE4547029B35E578 /* Debug */ = {
			isa = XCBuildConfiguration;
			buildSettings = {
				CODE_SIGN_ENTITLEMENTS = ScrollGremlinShieldAction/ScrollGremlinShieldAction.entitlements;
				CODE_SIGN_STYLE = Automatic;
				CURRENT_PROJECT_VERSION = 1;
				DEVELOPMENT_TEAM = BVD8RUQX4N;
				GENERATE_INFOPLIST_FILE = NO;
				INFOPLIST_FILE = ScrollGremlinShieldAction/Info.plist;
				IPHONEOS_DEPLOYMENT_TARGET = 16.4;
				LD_RUNPATH_SEARCH_PATHS = "@executable_path/../../Frameworks";
				MARKETING_VERSION = 1.0;
				PRODUCT_BUNDLE_IDENTIFIER = motesting.ScrollGremlin.shieldaction;
				PRODUCT_NAME = "$(TARGET_NAME)";
				SDKROOT = iphoneos;
				SKIP_INSTALL = YES;
				SWIFT_OPTIMIZATION_LEVEL = "-Onone";
				SWIFT_VERSION = 5.0;
				TARGETED_DEVICE_FAMILY = "1,2";
			};
			name = Debug;
		};
/* End XCBuildConfiguration section */

/* Begin XCConfigurationList section */
		17DC455088D94E169C1FD4B6 /* Build configuration list for PBXNativeTarget "ScrollGremlinShieldConfig" */ = {
			isa = XCConfigurationList;
			buildConfigurations = (
				68F876151C2A44C6B3FF94AA /* Debug */,
				722532A089534A1490F63989 /* Release */,
			);
			defaultConfigurationIsVisible = 0;
			defaultConfigurationName = Release;
		};
		212A970A2F64A64700AE5F16 /* Build configuration list for PBXProject "IntentBlock" */ = {
			isa = XCConfigurationList;
			buildConfigurations = (
				212A97182F64A64800AE5F16 /* Debug */,
				212A97192F64A64800AE5F16 /* Release */,
			);
			defaultConfigurationIsVisible = 0;
			defaultConfigurationName = Release;
		};
		212A971A2F64A64800AE5F16 /* Build configuration list for PBXNativeTarget "ScrollGremlin" */ = {
			isa = XCConfigurationList;
			buildConfigurations = (
				212A971B2F64A64800AE5F16 /* Debug */,
				212A971C2F64A64800AE5F16 /* Release */,
			);
			defaultConfigurationIsVisible = 0;
			defaultConfigurationName = Release;
		};
		2C1FF5141C6F4C41B5BD81CC /* Build configuration list for PBXNativeTarget "ScrollGremlinShieldAction" */ = {
			isa = XCConfigurationList;
			buildConfigurations = (
				D679A3C5BE4547029B35E578 /* Debug */,
				9ABBAADF320D418EB032CC34 /* Release */,
			);
			defaultConfigurationIsVisible = 0;
			defaultConfigurationName = Release;
		};
		5797747CBB2D4EF69E324340 /* Build configuration list for PBXNativeTarget "ScrollGremlinReport" */ = {
			isa = XCConfigurationList;
			buildConfigurations = (
				5C554F3B5EF8445A9AAA3672 /* Debug */,
				7BC4907E2B5142568C543A7C /* Release */,
			);
			defaultConfigurationIsVisible = 0;
			defaultConfigurationName = Release;
		};
		F1A5FDC0725941F583EF1A51 /* Build configuration list for PBXNativeTarget "ScrollGremlinMonitor" */ = {
			isa = XCConfigurationList;
			buildConfigurations = (
				BA870CB62C304353AA0FEF67 /* Debug */,
				CB940F86111E4D9395320FD5 /* Release */,
			);
			defaultConfigurationIsVisible = 0;
			defaultConfigurationName = Release;
		};
/* End XCConfigurationList section */
	};
	rootObject = 212A97072F64A64700AE5F16 /* Project object */;
}
