// !$*UTF8*$!
{
	archiveVersion = 1;
	classes = {
	};
	objectVersion = 77;
	objects = {

/* Begin PBXBuildFile section */
		3AF631C95D6E491BB7AA1842 /* BrainBloomMonitor.appex in Embed Foundation Extensions */ = {isa = PBXBuildFile; fileRef = 8BEFDCA57E5041B4BD8D4FE1 /* BrainBloomMonitor.appex */; settings = {ATTRIBUTES = (RemoveHeadersOnCopy, ); }; };
		58E64EA9E804406EAB106897 /* BrainBloomShieldConfig.appex in Embed Foundation Extensions */ = {isa = PBXBuildFile; fileRef = 75F5FE18FED6409BB7136238 /* BrainBloomShieldConfig.appex */; settings = {ATTRIBUTES = (RemoveHeadersOnCopy, ); }; };
		B1C2D3E4F5061728394A5B6C /* DeviceActivity.framework in Frameworks */ = {isa = PBXBuildFile; fileRef = A1B2C3D4E5F60718293A4B5C /* DeviceActivity.framework */; };
		D07B3343426943FB9D437F05 /* BrainBloomShieldAction.appex in Embed Foundation Extensions */ = {isa = PBXBuildFile; fileRef = 3E85C518A60C4C36BFDD880D /* BrainBloomShieldAction.appex */; settings = {ATTRIBUTES = (RemoveHeadersOnCopy, ); }; };
		FFEC3C0E8CA44642A38C64C7 /* BrainBloomReport.appex in Embed Foundation Extensions */ = {isa = PBXBuildFile; fileRef = 560D2BBCAF4440F8ADC59711 /* BrainBloomReport.appex */; settings = {ATTRIBUTES = (RemoveHeadersOnCopy, ); }; };
/* End PBXBuildFile section */

/* Begin PBXContainerItemProxy section */
		262F45FCF5BD445890D3413A /* PBXContainerItemProxy */ = {
			isa = PBXContainerItemProxy;
			containerPortal = 212A97072F64A64700AE5F16 /* Project object */;
			proxyType = 1;
			remoteGlobalIDString = F22DCA15D8AF4838BA098532;
			remoteInfo = BrainBloomMonitor;
		};
		7295BFC513D3420EB34DCB04 /* PBXContainerItemProxy */ = {
			isa = PBXContainerItemProxy;
			containerPortal = 212A97072F64A64700AE5F16 /* Project object */;
			proxyType = 1;
			remoteGlobalIDString = 3EF04529085F4775AFE4BF26;
			remoteInfo = BrainBloomReport;
		};
		B9934A15AFB2460AA9D4E910 /* PBXContainerItemProxy */ = {
			isa = PBXContainerItemProxy;
			containerPortal = 212A97072F64A64700AE5F16 /* Project object */;
			proxyType = 1;
			remoteGlobalIDString = 212A970E2F64A64700AE5F16;
			remoteInfo = BrainBloom;
		};
		BAE0454B04FC4D579F2317FF /* PBXContainerItemProxy */ = {
			isa = PBXContainerItemProxy;
			containerPortal = 212A97072F64A64700AE5F16 /* Project object */;
			proxyType = 1;
			remoteGlobalIDString = B72826CD374A4D12B89A9EAD;
			remoteInfo = BrainBloomShieldAction;
		};
		D98178B0A6A44ECEBBAA73B6 /* PBXContainerItemProxy */ = {
			isa = PBXContainerItemProxy;
			containerPortal = 212A97072F64A64700AE5F16 /* Project object */;
			proxyType = 1;
			remoteGlobalIDString = 62414837D179411D819766CF;
			remoteInfo = BrainBloomShieldConfig;
		};
/* End PBXContainerItemProxy section */

/* Begin PBXCopyFilesBuildPhase section */
		55C1F648E4ED4752A87F59A9 /* Embed Foundation Extensions */ = {
			isa = PBXCopyFilesBuildPhase;
			buildActionMask = 2147483647;
			dstPath = "";
			dstSubfolderSpec = 13;
			files = (
				3AF631C95D6E491BB7AA1842 /* BrainBloomMonitor.appex in Embed Foundation Extensions */,
				D07B3343426943FB9D437F05 /* BrainBloomShieldAction.appex in Embed Foundation Extensions */,
				58E64EA9E804406EAB106897 /* BrainBloomShieldConfig.appex in Embed Foundation Extensions */,
				FFEC3C0E8CA44642A38C64C7 /* BrainBloomReport.appex in Embed Foundation Extensions */,
			);
			name = "Embed Foundation Extensions";
			runOnlyForDeploymentPostprocessing = 0;
		};
/* End PBXCopyFilesBuildPhase section */

/* Begin PBXFileReference section */
		212A970F2F64A64700AE5F16 /* BrainBloom.app */ = {isa = PBXFileReference; explicitFileType = wrapper.application; includeInIndex = 0; path = BrainBloom.app; sourceTree = BUILT_PRODUCTS_DIR; };
		3E85C518A60C4C36BFDD880D /* BrainBloomShieldAction.appex */ = {isa = PBXFileReference; explicitFileType = "wrapper.app-extension"; includeInIndex = 0; path = BrainBloomShieldAction.appex; sourceTree = BUILT_PRODUCTS_DIR; };
		42F90096E5174D0FA1D967F7 /* BrainBloomTests.xctest */ = {isa = PBXFileReference; explicitFileType = wrapper.cfbundle; includeInIndex = 0; path = BrainBloomTests.xctest; sourceTree = BUILT_PRODUCTS_DIR; };
		560D2BBCAF4440F8ADC59711 /* BrainBloomReport.appex */ = {isa = PBXFileReference; explicitFileType = "wrapper.app-extension"; includeInIndex = 0; path = BrainBloomReport.appex; sourceTree = BUILT_PRODUCTS_DIR; };
		75F5FE18FED6409BB7136238 /* BrainBloomShieldConfig.appex */ = {isa = PBXFileReference; explicitFileType = "wrapper.app-extension"; includeInIndex = 0; path = BrainBloomShieldConfig.appex; sourceTree = BUILT_PRODUCTS_DIR; };
		8BEFDCA57E5041B4BD8D4FE1 /* BrainBloomMonitor.appex */ = {isa = PBXFileReference; explicitFileType = "wrapper.app-extension"; includeInIndex = 0; path = BrainBloomMonitor.appex; sourceTree = BUILT_PRODUCTS_DIR; };
		A1B2C3D4E5F60718293A4B5C /* DeviceActivity.framework */ = {isa = PBXFileReference; lastKnownFileType = wrapper.framework; name = DeviceActivity.framework; path = System/Library/Frameworks/DeviceActivity.framework; sourceTree = SDKROOT; };
/* End PBXFileReference section */

/* Begin PBXFileSystemSynchronizedBuildFileExceptionSet section */
		0026C2E3455741E682F11132 /* Exceptions for "BrainBloomShieldConfig" folder in "BrainBloomShieldConfig" target */ = {
			isa = PBXFileSystemSynchronizedBuildFileExceptionSet;
			membershipExceptions = (
				Info.plist,
			);
			target = 62414837D179411D819766CF /* BrainBloomShieldConfig */;
		};
		4AD0BF7E0F6044429165BB98 /* Exceptions for "BrainBloomShieldAction" folder in "BrainBloomShieldAction" target */ = {
			isa = PBXFileSystemSynchronizedBuildFileExceptionSet;
			membershipExceptions = (
				Info.plist,
			);
			target = B72826CD374A4D12B89A9EAD /* BrainBloomShieldAction */;
		};
		B31BFC97DDB3465090626EF3 /* Exceptions for "BrainBloomMonitor" folder in "BrainBloomMonitor" target */ = {
			isa = PBXFileSystemSynchronizedBuildFileExceptionSet;
			membershipExceptions = (
				Info.plist,
			);
			target = F22DCA15D8AF4838BA098532 /* BrainBloomMonitor */;
		};
		E9489DA11E134F0A88299518 /* Exceptions for "BrainBloomReport" folder in "BrainBloomReport" target */ = {
			isa = PBXFileSystemSynchronizedBuildFileExceptionSet;
			membershipExceptions = (
				Info.plist,
			);
			target = 3EF04529085F4775AFE4BF26 /* BrainBloomReport */;
		};
/* End PBXFileSystemSynchronizedBuildFileExceptionSet section */

/* Begin PBXFileSystemSynchronizedRootGroup section */
		033EAA858AD742ED8F99A062 /* BrainBloomMonitor */ = {
			isa = PBXFileSystemSynchronizedRootGroup;
			exceptions = (
				B31BFC97DDB3465090626EF3 /* Exceptions for "BrainBloomMonitor" folder in "BrainBloomMonitor" target */,
			);
			path = BrainBloomMonitor;
			sourceTree = "<group>";
		};
		18E18C7568B84ACCAA8AB9B2 /* Shared */ = {
			isa = PBXFileSystemSynchronizedRootGroup;
			path = Shared;
			sourceTree = "<group>";
		};
		1FA4AB89B4BB4D70B571CA21 /* BrainBloomReport */ = {
			isa = PBXFileSystemSynchronizedRootGroup;
			exceptions = (
				E9489DA11E134F0A88299518 /* Exceptions for "BrainBloomReport" folder in "BrainBloomReport" target */,
			);
			path = BrainBloomReport;
			sourceTree = "<group>";
		};
		212A97112F64A64700AE5F16 /* BrainBloom */ = {
			isa = PBXFileSystemSynchronizedRootGroup;
			path = BrainBloom;
			sourceTree = "<group>";
		};
		2298F07AB35D422FBEF38784 /* BrainBloomShieldConfig */ = {
			isa = PBXFileSystemSynchronizedRootGroup;
			exceptions = (
				0026C2E3455741E682F11132 /* Exceptions for "BrainBloomShieldConfig" folder in "BrainBloomShieldConfig" target */,
			);
			path = BrainBloomShieldConfig;
			sourceTree = "<group>";
		};
		80B96CA831B24D159151C6B0 /* BrainBloomShieldAction */ = {
			isa = PBXFileSystemSynchronizedRootGroup;
			exceptions = (
				4AD0BF7E0F6044429165BB98 /* Exceptions for "BrainBloomShieldAction" folder in "BrainBloomShieldAction" target */,
			);
			path = BrainBloomShieldAction;
			sourceTree = "<group>";
		};
		B224A03D307E4EB681413192 /* Tests */ = {
			isa = PBXFileSystemSynchronizedRootGroup;
			path = Tests;
			sourceTree = "<group>";
		};
/* End PBXFileSystemSynchronizedRootGroup section */

/* Begin PBXFrameworksBuildPhase section */
		212A970C2F64A64700AE5F16 /* Frameworks */ = {
			isa = PBXFrameworksBuildPhase;
			buildActionMask = 2147483647;
			files = (
			);
			runOnlyForDeploymentPostprocessing = 0;
		};
		3352B403664249CE85735906 /* Frameworks */ = {
			isa = PBXFrameworksBuildPhase;
			buildActionMask = 2147483647;
			files = (
				B1C2D3E4F5061728394A5B6C /* DeviceActivity.framework in Frameworks */,
			);
			runOnlyForDeploymentPostprocessing = 0;
		};
		9F55400AAF93444284F0C5EA /* Frameworks */ = {
			isa = PBXFrameworksBuildPhase;
			buildActionMask = 2147483647;
			files = (
			);
			runOnlyForDeploymentPostprocessing = 0;
		};
		B333AD4EC9AC48EA824B716B /* Frameworks */ = {
			isa = PBXFrameworksBuildPhase;
			buildActionMask = 2147483647;
			files = (
			);
			runOnlyForDeploymentPostprocessing = 0;
		};
		B5800D97FB5C4A188B63E156 /* Frameworks */ = {
			isa = PBXFrameworksBuildPhase;
			buildActionMask = 2147483647;
			files = (
			);
			runOnlyForDeploymentPostprocessing = 0;
		};
		E89F4D6C828149F1A7C0E6D6 /* Frameworks */ = {
			isa = PBXFrameworksBuildPhase;
			buildActionMask = 2147483647;
			files = (
			);
			runOnlyForDeploymentPostprocessing = 0;
		};
/* End PBXFrameworksBuildPhase section */

/* Begin PBXGroup section */
		212A97062F64A64700AE5F16 = {
			isa = PBXGroup;
			children = (
				212A97112F64A64700AE5F16 /* BrainBloom */,
				B224A03D307E4EB681413192 /* Tests */,
				18E18C7568B84ACCAA8AB9B2 /* Shared */,
				033EAA858AD742ED8F99A062 /* BrainBloomMonitor */,
				80B96CA831B24D159151C6B0 /* BrainBloomShieldAction */,
				2298F07AB35D422FBEF38784 /* BrainBloomShieldConfig */,
				1FA4AB89B4BB4D70B571CA21 /* BrainBloomReport */,
				212A97102F64A64700AE5F16 /* Products */,
				21B053F12F6838D6000B43CE /* Recovered References */,
			);
			sourceTree = "<group>";
		};
		212A97102F64A64700AE5F16 /* Products */ = {
			isa = PBXGroup;
			children = (
				212A970F2F64A64700AE5F16 /* BrainBloom.app */,
				42F90096E5174D0FA1D967F7 /* BrainBloomTests.xctest */,
				8BEFDCA57E5041B4BD8D4FE1 /* BrainBloomMonitor.appex */,
				3E85C518A60C4C36BFDD880D /* BrainBloomShieldAction.appex */,
				75F5FE18FED6409BB7136238 /* BrainBloomShieldConfig.appex */,
				560D2BBCAF4440F8ADC59711 /* BrainBloomReport.appex */,
			);
			name = Products;
			sourceTree = "<group>";
		};
		21B053F12F6838D6000B43CE /* Recovered References */ = {
			isa = PBXGroup;
			children = (
				A1B2C3D4E5F60718293A4B5C /* DeviceActivity.framework */,
			);
			name = "Recovered References";
			sourceTree = "<group>";
		};
/* End PBXGroup section */

/* Begin PBXNativeTarget section */
		212A970E2F64A64700AE5F16 /* BrainBloom */ = {
			isa = PBXNativeTarget;
			buildConfigurationList = 212A971A2F64A64800AE5F16 /* Build configuration list for PBXNativeTarget "BrainBloom" */;
			buildPhases = (
				212A970B2F64A64700AE5F16 /* Sources */,
				212A970C2F64A64700AE5F16 /* Frameworks */,
				212A970D2F64A64700AE5F16 /* Resources */,
				55C1F648E4ED4752A87F59A9 /* Embed Foundation Extensions */,
			);
			buildRules = (
			);
			dependencies = (
				015021B3B40046279FBEEAEB /* PBXTargetDependency */,
				7BB467AF2E5D4CD3A7863962 /* PBXTargetDependency */,
				FBC5CA18D22248B995FABD55 /* PBXTargetDependency */,
				E899C9D77EFD4B4EBBB47853 /* PBXTargetDependency */,
			);
			fileSystemSynchronizedGroups = (
				18E18C7568B84ACCAA8AB9B2 /* Shared */,
				212A97112F64A64700AE5F16 /* BrainBloom */,
			);
			name = BrainBloom;
			packageProductDependencies = (
			);
			productName = BrainBloom;
			productReference = 212A970F2F64A64700AE5F16 /* BrainBloom.app */;
			productType = "com.apple.product-type.application";
		};
		3EF04529085F4775AFE4BF26 /* BrainBloomReport */ = {
			isa = PBXNativeTarget;
			buildConfigurationList = 5797747CBB2D4EF69E324340 /* Build configuration list for PBXNativeTarget "BrainBloomReport" */;
			buildPhases = (
				76A3CDB4DD4B4365B253B93D /* Sources */,
				3352B403664249CE85735906 /* Frameworks */,
				EC50730E5775405E91358123 /* Resources */,
			);
			buildRules = (
			);
			dependencies = (
			);
			fileSystemSynchronizedGroups = (
				18E18C7568B84ACCAA8AB9B2 /* Shared */,
				1FA4AB89B4BB4D70B571CA21 /* BrainBloomReport */,
			);
			name = BrainBloomReport;
			packageProductDependencies = (
			);
			productName = BrainBloomReport;
			productReference = 560D2BBCAF4440F8ADC59711 /* BrainBloomReport.appex */;
			productType = "com.apple.product-type.app-extension";
		};
		570E2F95760E4169BDCF30EA /* BrainBloomTests */ = {
			isa = PBXNativeTarget;
			buildConfigurationList = DAC4E0F352FE4C3DBA147C94 /* Build configuration list for PBXNativeTarget "BrainBloomTests" */;
			buildPhases = (
				599EF2D60E3345FFB961C50F /* Sources */,
				E89F4D6C828149F1A7C0E6D6 /* Frameworks */,
			);
			buildRules = (
			);
			dependencies = (
				0B90AE2CDE374F21BE60840E /* PBXTargetDependency */,
			);
			fileSystemSynchronizedGroups = (
				B224A03D307E4EB681413192 /* Tests */,
			);
			name = BrainBloomTests;
			packageProductDependencies = (
			);
			productName = BrainBloomTests;
			productReference = 42F90096E5174D0FA1D967F7 /* BrainBloomTests.xctest */;
			productType = "com.apple.product-type.bundle.unit-test";
		};
		62414837D179411D819766CF /* BrainBloomShieldConfig */ = {
			isa = PBXNativeTarget;
			buildConfigurationList = 17DC455088D94E169C1FD4B6 /* Build configuration list for PBXNativeTarget "BrainBloomShieldConfig" */;
			buildPhases = (
				73AC6A05D9144A5BB05D2232 /* Sources */,
				9F55400AAF93444284F0C5EA /* Frameworks */,
				01F1745EFD1541C9AE8DC239 /* Resources */,
			);
			buildRules = (
			);
			dependencies = (
			);
			fileSystemSynchronizedGroups = (
				2298F07AB35D422FBEF38784 /* BrainBloomShieldConfig */,
			);
			name = BrainBloomShieldConfig;
			packageProductDependencies = (
			);
			productName = BrainBloomShieldConfig;
			productReference = 75F5FE18FED6409BB7136238 /* BrainBloomShieldConfig.appex */;
			productType = "com.apple.product-type.app-extension";
		};
		B72826CD374A4D12B89A9EAD /* BrainBloomShieldAction */ = {
			isa = PBXNativeTarget;
			buildConfigurationList = 2C1FF5141C6F4C41B5BD81CC /* Build configuration list for PBXNativeTarget "BrainBloomShieldAction" */;
			buildPhases = (
				58BA4B7C00A649D9B55670C7 /* Sources */,
				B5800D97FB5C4A188B63E156 /* Frameworks */,
				BDD21E2BD4F94B1CABB3C5F7 /* Resources */,
			);
			buildRules = (
			);
			dependencies = (
			);
			fileSystemSynchronizedGroups = (
				18E18C7568B84ACCAA8AB9B2 /* Shared */,
				80B96CA831B24D159151C6B0 /* BrainBloomShieldAction */,
			);
			name = BrainBloomShieldAction;
			packageProductDependencies = (
			);
			productName = BrainBloomShieldAction;
			productReference = 3E85C518A60C4C36BFDD880D /* BrainBloomShieldAction.appex */;
			productType = "com.apple.product-type.app-extension";
		};
		F22DCA15D8AF4838BA098532 /* BrainBloomMonitor */ = {
			isa = PBXNativeTarget;
			buildConfigurationList = F1A5FDC0725941F583EF1A51 /* Build configuration list for PBXNativeTarget "BrainBloomMonitor" */;
			buildPhases = (
				B3201324C29647B6A6A6D27F /* Sources */,
				B333AD4EC9AC48EA824B716B /* Frameworks */,
				B394E98CFE584D34B97FC9B4 /* Resources */,
			);
			buildRules = (
			);
			dependencies = (
			);
			fileSystemSynchronizedGroups = (
				033EAA858AD742ED8F99A062 /* BrainBloomMonitor */,
				18E18C7568B84ACCAA8AB9B2 /* Shared */,
			);
			name = BrainBloomMonitor;
			packageProductDependencies = (
			);
			productName = BrainBloomMonitor;
			productReference = 8BEFDCA57E5041B4BD8D4FE1 /* BrainBloomMonitor.appex */;
			productType = "com.apple.product-type.app-extension";
		};
/* End PBXNativeTarget section */

/* Begin PBXProject section */
		212A97072F64A64700AE5F16 /* Project object */ = {
			isa = PBXProject;
			attributes = {
				BuildIndependentTargetsInParallel = 1;
				LastSwiftUpdateCheck = 2630;
				LastUpgradeCheck = 2630;
				TargetAttributes = {
					212A970E2F64A64700AE5F16 = {
						CreatedOnToolsVersion = 26.3;
					};
					3EF04529085F4775AFE4BF26 = {
						CreatedOnToolsVersion = 26.3;
					};
					570E2F95760E4169BDCF30EA = {
						CreatedOnToolsVersion = 26.3;
					};
					62414837D179411D819766CF = {
						CreatedOnToolsVersion = 26.3;
					};
					B72826CD374A4D12B89A9EAD = {
						CreatedOnToolsVersion = 26.3;
					};
					F22DCA15D8AF4838BA098532 = {
						CreatedOnToolsVersion = 26.3;
					};
				};
			};
			buildConfigurationList = 212A970A2F64A64700AE5F16 /* Build configuration list for PBXProject "BrainBloom" */;
			developmentRegion = en;
			hasScannedForEncodings = 0;
			knownRegions = (
				en,
				Base,
			);
			mainGroup = 212A97062F64A64700AE5F16;
			minimizedProjectReferenceProxies = 1;
			preferredProjectObjectVersion = 77;
			productRefGroup = 212A97102F64A64700AE5F16 /* Products */;
			projectDirPath = "";
			projectRoot = "";
			targets = (
				212A970E2F64A64700AE5F16 /* BrainBloom */,
				570E2F95760E4169BDCF30EA /* BrainBloomTests */,
				F22DCA15D8AF4838BA098532 /* BrainBloomMonitor */,
				B72826CD374A4D12B89A9EAD /* BrainBloomShieldAction */,
				62414837D179411D819766CF /* BrainBloomShieldConfig */,
				3EF04529085F4775AFE4BF26 /* BrainBloomReport */,
			);
		};
/* End PBXProject section */

/* Begin PBXResourcesBuildPhase section */
		01F1745EFD1541C9AE8DC239 /* Resources */ = {
			isa = PBXResourcesBuildPhase;
			buildActionMask = 2147483647;
			files = (
			);
			runOnlyForDeploymentPostprocessing = 0;
		};
		212A970D2F64A64700AE5F16 /* Resources */ = {
			isa = PBXResourcesBuildPhase;
			buildActionMask = 2147483647;
			files = (
			);
			runOnlyForDeploymentPostprocessing = 0;
		};
		B394E98CFE584D34B97FC9B4 /* Resources */ = {
			isa = PBXResourcesBuildPhase;
			buildActionMask = 2147483647;
			files = (
			);
			runOnlyForDeploymentPostprocessing = 0;
		};
		BDD21E2BD4F94B1CABB3C5F7 /* Resources */ = {
			isa = PBXResourcesBuildPhase;
			buildActionMask = 2147483647;
			files = (
			);
			runOnlyForDeploymentPostprocessing = 0;
		};
		EC50730E5775405E91358123 /* Resources */ = {
			isa = PBXResourcesBuildPhase;
			buildActionMask = 2147483647;
			files = (
			);
			runOnlyForDeploymentPostprocessing = 0;
		};
/* End PBXResourcesBuildPhase section */

/* Begin PBXSourcesBuildPhase section */
		212A970B2F64A64700AE5F16 /* Sources */ = {
			isa = PBXSourcesBuildPhase;
			buildActionMask = 2147483647;
			files = (
			);
			runOnlyForDeploymentPostprocessing = 0;
		};
		58BA4B7C00A649D9B55670C7 /* Sources */ = {
			isa = PBXSourcesBuildPhase;
			buildActionMask = 2147483647;
			files = (
			);
			runOnlyForDeploymentPostprocessing = 0;
		};
		599EF2D60E3345FFB961C50F /* Sources */ = {
			isa = PBXSourcesBuildPhase;
			buildActionMask = 2147483647;
			files = (
			);
			runOnlyForDeploymentPostprocessing = 0;
		};
		73AC6A05D9144A5BB05D2232 /* Sources */ = {
			isa = PBXSourcesBuildPhase;
			buildActionMask = 2147483647;
			files = (
			);
			runOnlyForDeploymentPostprocessing = 0;
		};
		76A3CDB4DD4B4365B253B93D /* Sources */ = {
			isa = PBXSourcesBuildPhase;
			buildActionMask = 2147483647;
			files = (
			);
			runOnlyForDeploymentPostprocessing = 0;
		};
		B3201324C29647B6A6A6D27F /* Sources */ = {
			isa = PBXSourcesBuildPhase;
			buildActionMask = 2147483647;
			files = (
			);
			runOnlyForDeploymentPostprocessing = 0;
		};
/* End PBXSourcesBuildPhase section */

/* Begin PBXTargetDependency section */
		015021B3B40046279FBEEAEB /* PBXTargetDependency */ = {
			isa = PBXTargetDependency;
			target = F22DCA15D8AF4838BA098532 /* BrainBloomMonitor */;
			targetProxy = 262F45FCF5BD445890D3413A /* PBXContainerItemProxy */;
		};
		0B90AE2CDE374F21BE60840E /* PBXTargetDependency */ = {
			isa = PBXTargetDependency;
			target = 212A970E2F64A64700AE5F16 /* BrainBloom */;
			targetProxy = B9934A15AFB2460AA9D4E910 /* PBXContainerItemProxy */;
		};
		7BB467AF2E5D4CD3A7863962 /* PBXTargetDependency */ = {
			isa = PBXTargetDependency;
			target = B72826CD374A4D12B89A9EAD /* BrainBloomShieldAction */;
			targetProxy = BAE0454B04FC4D579F2317FF /* PBXContainerItemProxy */;
		};
		E899C9D77EFD4B4EBBB47853 /* PBXTargetDependency */ = {
			isa = PBXTargetDependency;
			target = 3EF04529085F4775AFE4BF26 /* BrainBloomReport */;
			targetProxy = 7295BFC513D3420EB34DCB04 /* PBXContainerItemProxy */;
		};
		FBC5CA18D22248B995FABD55 /* PBXTargetDependency */ = {
			isa = PBXTargetDependency;
			target = 62414837D179411D819766CF /* BrainBloomShieldConfig */;
			targetProxy = D98178B0A6A44ECEBBAA73B6 /* PBXContainerItemProxy */;
		};
/* End PBXTargetDependency section */

/* Begin XCBuildConfiguration section */
		2068D8B8FEBB4657A928EE9F /* Release */ = {
			isa = XCBuildConfiguration;
			buildSettings = {
				BUNDLE_LOADER = "$(TEST_HOST)";
				CODE_SIGN_STYLE = Automatic;
				DEVELOPMENT_TEAM = BVD8RUQX4N;
				GENERATE_INFOPLIST_FILE = NO;
				INFOPLIST_FILE = "TestsSupport/BrainBloomTests-Info.plist";
				IPHONEOS_DEPLOYMENT_TARGET = 16.4;
				LD_RUNPATH_SEARCH_PATHS = (
					"$(inherited)",
					"@executable_path/Frameworks",
					"@loader_path/Frameworks",
				);
				PRODUCT_BUNDLE_IDENTIFIER = motesting.BrainBloomTests;
				PRODUCT_NAME = "$(TARGET_NAME)";
				SDKROOT = iphoneos;
				SKIP_INSTALL = YES;
				SUPPORTED_PLATFORMS = "iphoneos iphonesimulator";
				SWIFT_VERSION = 5.0;
				TARGETED_DEVICE_FAMILY = "1,2";
				TEST_HOST = "$(BUILT_PRODUCTS_DIR)/BrainBloom.app/BrainBloom";
			};
			name = Release;
		};
		212A97182F64A64800AE5F16 /* Debug */ = {
			isa = XCBuildConfiguration;
			buildSettings = {
				ALWAYS_SEARCH_USER_PATHS = NO;
				ASSETCATALOG_COMPILER_GENERATE_SWIFT_ASSET_SYMBOL_EXTENSIONS = YES;
				CLANG_ANALYZER_NONNULL = YES;
				CLANG_ANALYZER_NUMBER_OBJECT_CONVERSION = YES_AGGRESSIVE;
				CLANG_CXX_LANGUAGE_STANDARD = "gnu++20";
				CLANG_ENABLE_MODULES = YES;
				CLANG_ENABLE_OBJC_ARC = YES;
				CLANG_ENABLE_OBJC_WEAK = YES;
				CLANG_WARN_BLOCK_CAPTURE_AUTORELEASING = YES;
				CLANG_WARN_BOOL_CONVERSION = YES;
				CLANG_WARN_COMMA = YES;
				CLANG_WARN_CONSTANT_CONVERSION = YES;
				CLANG_WARN_DEPRECATED_OBJC_IMPLEMENTATIONS = YES;
				CLANG_WARN_DIRECT_OBJC_ISA_USAGE = YES_ERROR;
				CLANG_WARN_DOCUMENTATION_COMMENTS = YES;
				CLANG_WARN_EMPTY_BODY = YES;
				CLANG_WARN_ENUM_CONVERSION = YES;
				CLANG_WARN_INFINITE_RECURSION = YES;
				CLANG_WARN_INT_CONVERSION = YES;
				CLANG_WARN_NON_LITERAL_NULL_CONVERSION = YES;
				CLANG_WARN_OBJC_IMPLICIT_RETAIN_SELF = YES;
				CLANG_WARN_OBJC_LITERAL_CONVERSION = YES;
				CLANG_WARN_OBJC_ROOT_CLASS = YES_ERROR;
				CLANG_WARN_QUOTED_INCLUDE_IN_FRAMEWORK_HEADER = YES;
				CLANG_WARN_RANGE_LOOP_ANALYSIS = YES;
				CLANG_WARN_STRICT_PROTOTYPES = YES;
				CLANG_WARN_SUSPICIOUS_MOVE = YES;
				CLANG_WARN_UNGUARDED_AVAILABILITY = YES_AGGRESSIVE;
				CLANG_WARN_UNREACHABLE_CODE = YES;
				CLANG_WARN__DUPLICATE_METHOD_MATCH = YES;
				COPY_PHASE_STRIP = NO;
				DEBUG_INFORMATION_FORMAT = dwarf;
				ENABLE_STRICT_OBJC_MSGSEND = YES;
				ENABLE_TESTABILITY = YES;
				ENABLE_USER_SCRIPT_SANDBOXING = YES;
				GCC_C_LANGUAGE_STANDARD = gnu17;
				GCC_DYNAMIC_NO_PIC = NO;
				GCC_NO_COMMON_BLOCKS = YES;
				GCC_OPTIMIZATION_LEVEL = 0;
				GCC_PREPROCESSOR_DEFINITIONS = (
					"DEBUG=1",
					"$(inherited)",
				);
				GCC_WARN_64_TO_32_BIT_CONVERSION = YES;
				GCC_WARN_ABOUT_RETURN_TYPE = YES_ERROR;
				GCC_WARN_UNDECLARED_SELECTOR = YES;
				GCC_WARN_UNINITIALIZED_AUTOS = YES_AGGRESSIVE;
				GCC_WARN_UNUSED_FUNCTION = YES;
				GCC_WARN_UNUSED_VARIABLE = YES;
				LOCALIZATION_PREFERS_STRING_CATALOGS = YES;
				MTL_ENABLE_DEBUG_INFO = INCLUDE_SOURCE;
				MTL_FAST_MATH = YES;
				ONLY_ACTIVE_ARCH = YES;
				SWIFT_ACTIVE_COMPILATION_CONDITIONS = "DEBUG $(inherited)";
				SWIFT_OPTIMIZATION_LEVEL = "-Onone";
			};
			name = Debug;
		};
		212A97192F64A64800AE5F16 /* Release */ = {
			isa = XCBuildConfiguration;
			buildSettings = {
				ALWAYS_SEARCH_USER_PATHS = NO;
				ASSETCATALOG_COMPILER_GENERATE_SWIFT_ASSET_SYMBOL_EXTENSIONS = YES;
				CLANG_ANALYZER_NONNULL = YES;
				CLANG_ANALYZER_NUMBER_OBJECT_CONVERSION = YES_AGGRESSIVE;
				CLANG_CXX_LANGUAGE_STANDARD = "gnu++20";
				CLANG_ENABLE_MODULES = YES;
				CLANG_ENABLE_OBJC_ARC = YES;
				CLANG_ENABLE_OBJC_WEAK = YES;
				CLANG_WARN_BLOCK_CAPTURE_AUTORELEASING = YES;
				CLANG_WARN_BOOL_CONVERSION = YES;
				CLANG_WARN_COMMA = YES;
				CLANG_WARN_CONSTANT_CONVERSION = YES;
				CLANG_WARN_DEPRECATED_OBJC_IMPLEMENTATIONS = YES;
				CLANG_WARN_DIRECT_OBJC_ISA_USAGE = YES_ERROR;
				CLANG_WARN_DOCUMENTATION_COMMENTS = YES;
				CLANG_WARN_EMPTY_BODY = YES;
				CLANG_WARN_ENUM_CONVERSION = YES;
				CLANG_WARN_INFINITE_RECURSION = YES;
				CLANG_WARN_INT_CONVERSION = YES;
				CLANG_WARN_NON_LITERAL_NULL_CONVERSION = YES;
				CLANG_WARN_OBJC_IMPLICIT_RETAIN_SELF = YES;
				CLANG_WARN_OBJC_LITERAL_CONVERSION = YES;
				CLANG_WARN_OBJC_ROOT_CLASS = YES_ERROR;
				CLANG_WARN_QUOTED_INCLUDE_IN_FRAMEWORK_HEADER = YES;
				CLANG_WARN_RANGE_LOOP_ANALYSIS = YES;
				CLANG_WARN_STRICT_PROTOTYPES = YES;
				CLANG_WARN_SUSPICIOUS_MOVE = YES;
				CLANG_WARN_UNGUARDED_AVAILABILITY = YES_AGGRESSIVE;
				CLANG_WARN_UNREACHABLE_CODE = YES;
				CLANG_WARN__DUPLICATE_METHOD_MATCH = YES;
				COPY_PHASE_STRIP = NO;
				DEBUG_INFORMATION_FORMAT = "dwarf-with-dsym";
				ENABLE_NS_ASSERTIONS = NO;
				ENABLE_STRICT_OBJC_MSGSEND = YES;
				ENABLE_USER_SCRIPT_SANDBOXING = YES;
				GCC_C_LANGUAGE_STANDARD = gnu17;
				GCC_NO_COMMON_BLOCKS = YES;
				GCC_WARN_64_TO_32_BIT_CONVERSION = YES;
				GCC_WARN_ABOUT_RETURN_TYPE = YES_ERROR;
				GCC_WARN_UNDECLARED_SELECTOR = YES;
				GCC_WARN_UNINITIALIZED_AUTOS = YES_AGGRESSIVE;
				GCC_WARN_UNUSED_FUNCTION = YES;
				GCC_WARN_UNUSED_VARIABLE = YES;
				LOCALIZATION_PREFERS_STRING_CATALOGS = YES;
				MTL_ENABLE_DEBUG_INFO = NO;
				MTL_FAST_MATH = YES;
				SWIFT_COMPILATION_MODE = wholemodule;
			};
			name = Release;
		};
		212A971B2F64A64800AE5F16 /* Debug */ = {
			isa = XCBuildConfiguration;
			buildSettings = {
				ASSETCATALOG_COMPILER_APPICON_NAME = AppIcon;
				ASSETCATALOG_COMPILER_GLOBAL_ACCENT_COLOR_NAME = AccentColor;
				CODE_SIGN_ENTITLEMENTS = BrainBloom/Resources/BrainBloom.entitlements;
				CODE_SIGN_STYLE = Automatic;
				CURRENT_PROJECT_VERSION = 1;
				DEVELOPMENT_TEAM = BVD8RUQX4N;
				ENABLE_APP_SANDBOX = YES;
				ENABLE_PREVIEWS = YES;
				ENABLE_USER_SELECTED_FILES = readonly;
				GENERATE_INFOPLIST_FILE = YES;
				INFOPLIST_KEY_CFBundleDisplayName = "Brain Bloom";
				INFOPLIST_KEY_CFBundleURLTypes = "({CFBundleTypeRole=Editor;CFBundleURLSchemes=(brainbloom);})";
				"INFOPLIST_KEY_UIApplicationSceneManifest_Generation[sdk=iphoneos*]" = YES;
				"INFOPLIST_KEY_UIApplicationSceneManifest_Generation[sdk=iphonesimulator*]" = YES;
				"INFOPLIST_KEY_UIApplicationSupportsIndirectInputEvents[sdk=iphoneos*]" = YES;
				"INFOPLIST_KEY_UIApplicationSupportsIndirectInputEvents[sdk=iphonesimulator*]" = YES;
				"INFOPLIST_KEY_UILaunchScreen_Generation[sdk=iphoneos*]" = YES;
				"INFOPLIST_KEY_UILaunchScreen_Generation[sdk=iphonesimulator*]" = YES;
				"INFOPLIST_KEY_UIStatusBarStyle[sdk=iphoneos*]" = UIStatusBarStyleDefault;
				"INFOPLIST_KEY_UIStatusBarStyle[sdk=iphonesimulator*]" = UIStatusBarStyleDefault;
				INFOPLIST_KEY_UISupportedInterfaceOrientations_iPad = "UIInterfaceOrientationPortrait UIInterfaceOrientationPortraitUpsideDown UIInterfaceOrientationLandscapeLeft UIInterfaceOrientationLandscapeRight";
				INFOPLIST_KEY_UISupportedInterfaceOrientations_iPhone = "UIInterfaceOrientationPortrait UIInterfaceOrientationLandscapeLeft UIInterfaceOrientationLandscapeRight";
				IPHONEOS_DEPLOYMENT_TARGET = 16.4;
				LD_RUNPATH_SEARCH_PATHS = "@executable_path/Frameworks";
				"LD_RUNPATH_SEARCH_PATHS[sdk=macosx*]" = "@executable_path/../Frameworks";
				MACOSX_DEPLOYMENT_TARGET = 26.2;
				MARKETING_VERSION = 10;
				PRODUCT_BUNDLE_IDENTIFIER = motesting.BrainBloom;
				PRODUCT_NAME = "$(TARGET_NAME)";
				REGISTER_APP_GROUPS = YES;
				SDKROOT = auto;
				STRING_CATALOG_GENERATE_SYMBOLS = YES;
				SUPPORTED_PLATFORMS = "iphoneos iphonesimulator macosx xros xrsimulator";
				SWIFT_APPROACHABLE_CONCURRENCY = YES;
				SWIFT_DEFAULT_ACTOR_ISOLATION = MainActor;
				SWIFT_EMIT_LOC_STRINGS = YES;
				SWIFT_UPCOMING_FEATURE_MEMBER_IMPORT_VISIBILITY = YES;
				SWIFT_VERSION = 5.0;
				TARGETED_DEVICE_FAMILY = "1,2,7";
				XROS_DEPLOYMENT_TARGET = 26.2;
			};
			name = Debug;
		};
		212A971C2F64A64800AE5F16 /* Release */ = {
			isa = XCBuildConfiguration;
			buildSettings = {
				ASSETCATALOG_COMPILER_APPICON_NAME = AppIcon;
				ASSETCATALOG_COMPILER_GLOBAL_ACCENT_COLOR_NAME = AccentColor;
				CODE_SIGN_ENTITLEMENTS = BrainBloom/Resources/BrainBloom.entitlements;
				CODE_SIGN_STYLE = Automatic;
				CURRENT_PROJECT_VERSION = 1;
				DEVELOPMENT_TEAM = BVD8RUQX4N;
				ENABLE_APP_SANDBOX = YES;
				ENABLE_PREVIEWS = YES;
				ENABLE_USER_SELECTED_FILES = readonly;
				GENERATE_INFOPLIST_FILE = YES;
				INFOPLIST_KEY_CFBundleDisplayName = "Brain Bloom";
				INFOPLIST_KEY_CFBundleURLTypes = "({CFBundleTypeRole=Editor;CFBundleURLSchemes=(brainbloom);})";
				"INFOPLIST_KEY_UIApplicationSceneManifest_Generation[sdk=iphoneos*]" = YES;
				"INFOPLIST_KEY_UIApplicationSceneManifest_Generation[sdk=iphonesimulator*]" = YES;
				"INFOPLIST_KEY_UIApplicationSupportsIndirectInputEvents[sdk=iphoneos*]" = YES;
				"INFOPLIST_KEY_UIApplicationSupportsIndirectInputEvents[sdk=iphonesimulator*]" = YES;
				"INFOPLIST_KEY_UILaunchScreen_Generation[sdk=iphoneos*]" = YES;
				"INFOPLIST_KEY_UILaunchScreen_Generation[sdk=iphonesimulator*]" = YES;
				"INFOPLIST_KEY_UIStatusBarStyle[sdk=iphoneos*]" = UIStatusBarStyleDefault;
				"INFOPLIST_KEY_UIStatusBarStyle[sdk=iphonesimulator*]" = UIStatusBarStyleDefault;
				INFOPLIST_KEY_UISupportedInterfaceOrientations_iPad = "UIInterfaceOrientationPortrait UIInterfaceOrientationPortraitUpsideDown UIInterfaceOrientationLandscapeLeft UIInterfaceOrientationLandscapeRight";
				INFOPLIST_KEY_UISupportedInterfaceOrientations_iPhone = "UIInterfaceOrientationPortrait UIInterfaceOrientationLandscapeLeft UIInterfaceOrientationLandscapeRight";
				IPHONEOS_DEPLOYMENT_TARGET = 16.4;
				LD_RUNPATH_SEARCH_PATHS = "@executable_path/Frameworks";
				"LD_RUNPATH_SEARCH_PATHS[sdk=macosx*]" = "@executable_path/../Frameworks";
				MACOSX_DEPLOYMENT_TARGET = 26.2;
				MARKETING_VERSION = 10;
				PRODUCT_BUNDLE_IDENTIFIER = motesting.BrainBloom;
				PRODUCT_NAME = "$(TARGET_NAME)";
				REGISTER_APP_GROUPS = YES;
				SDKROOT = auto;
				STRING_CATALOG_GENERATE_SYMBOLS = YES;
				SUPPORTED_PLATFORMS = "iphoneos iphonesimulator macosx xros xrsimulator";
				SWIFT_APPROACHABLE_CONCURRENCY = YES;
				SWIFT_DEFAULT_ACTOR_ISOLATION = MainActor;
				SWIFT_EMIT_LOC_STRINGS = YES;
				SWIFT_UPCOMING_FEATURE_MEMBER_IMPORT_VISIBILITY = YES;
				SWIFT_VERSION = 5.0;
				TARGETED_DEVICE_FAMILY = "1,2,7";
				XROS_DEPLOYMENT_TARGET = 26.2;
			};
			name = Release;
		};
		41640FD903F84579B93316A4 /* Debug */ = {
			isa = XCBuildConfiguration;
			buildSettings = {
				BUNDLE_LOADER = "$(TEST_HOST)";
				CODE_SIGN_STYLE = Automatic;
				DEVELOPMENT_TEAM = BVD8RUQX4N;
				ENABLE_TESTABILITY = YES;
				GENERATE_INFOPLIST_FILE = NO;
				INFOPLIST_FILE = "TestsSupport/BrainBloomTests-Info.plist";
				IPHONEOS_DEPLOYMENT_TARGET = 16.4;
				LD_RUNPATH_SEARCH_PATHS = (
					"$(inherited)",
					"@executable_path/Frameworks",
					"@loader_path/Frameworks",
				);
				PRODUCT_BUNDLE_IDENTIFIER = motesting.BrainBloomTests;
				PRODUCT_NAME = "$(TARGET_NAME)";
				SDKROOT = iphoneos;
				SKIP_INSTALL = YES;
				SUPPORTED_PLATFORMS = "iphoneos iphonesimulator";
				SWIFT_OPTIMIZATION_LEVEL = "-Onone";
				SWIFT_VERSION = 5.0;
				TARGETED_DEVICE_FAMILY = "1,2";
				TEST_HOST = "$(BUILT_PRODUCTS_DIR)/BrainBloom.app/BrainBloom";
			};
			name = Debug;
		};
		5C554F3B5EF8445A9AAA3672 /* Debug */ = {
			isa = XCBuildConfiguration;
			buildSettings = {
				CODE_SIGN_ENTITLEMENTS = BrainBloomReport/BrainBloomReport.entitlements;
				CODE_SIGN_STYLE = Automatic;
				CURRENT_PROJECT_VERSION = 1;
				DEVELOPMENT_TEAM = BVD8RUQX4N;
				GENERATE_INFOPLIST_FILE = NO;
				INFOPLIST_FILE = BrainBloomReport/Info.plist;
				IPHONEOS_DEPLOYMENT_TARGET = 16.4;
				LD_RUNPATH_SEARCH_PATHS = "@executable_path/../../Frameworks";
				MARKETING_VERSION = 10;
				PRODUCT_BUNDLE_IDENTIFIER = motesting.BrainBloom.report;
				PRODUCT_NAME = "$(TARGET_NAME)";
				SDKROOT = iphoneos;
				SKIP_INSTALL = YES;
				SUPPORTED_PLATFORMS = "iphoneos iphonesimulator";
				SWIFT_OPTIMIZATION_LEVEL = "-Onone";
				SWIFT_VERSION = 5.0;
				TARGETED_DEVICE_FAMILY = "1,2";
			};
			name = Debug;
		};
		68F876151C2A44C6B3FF94AA /* Debug */ = {
			isa = XCBuildConfiguration;
			buildSettings = {
				CODE_SIGN_ENTITLEMENTS = BrainBloomShieldConfig/BrainBloomShieldConfig.entitlements;
				CODE_SIGN_STYLE = Automatic;
				CURRENT_PROJECT_VERSION = 1;
				DEVELOPMENT_TEAM = BVD8RUQX4N;
				GENERATE_INFOPLIST_FILE = NO;
				INFOPLIST_FILE = BrainBloomShieldConfig/Info.plist;
				IPHONEOS_DEPLOYMENT_TARGET = 16.4;
				LD_RUNPATH_SEARCH_PATHS = "@executable_path/../../Frameworks";
				MARKETING_VERSION = 10;
				PRODUCT_BUNDLE_IDENTIFIER = motesting.BrainBloom.shieldconfig;
				PRODUCT_NAME = "$(TARGET_NAME)";
				SDKROOT = iphoneos;
				SKIP_INSTALL = YES;
				SWIFT_OPTIMIZATION_LEVEL = "-Onone";
				SWIFT_VERSION = 5.0;
				TARGETED_DEVICE_FAMILY = "1,2";
			};
			name = Debug;
		};
		722532A089534A1490F63989 /* Release */ = {
			isa = XCBuildConfiguration;
			buildSettings = {
				CODE_SIGN_ENTITLEMENTS = BrainBloomShieldConfig/BrainBloomShieldConfig.entitlements;
				CODE_SIGN_STYLE = Automatic;
				CURRENT_PROJECT_VERSION = 1;
				DEVELOPMENT_TEAM = BVD8RUQX4N;
				GENERATE_INFOPLIST_FILE = NO;
				INFOPLIST_FILE = BrainBloomShieldConfig/Info.plist;
				IPHONEOS_DEPLOYMENT_TARGET = 16.4;
				LD_RUNPATH_SEARCH_PATHS = "@executable_path/../../Frameworks";
				MARKETING_VERSION = 10;
				PRODUCT_BUNDLE_IDENTIFIER = motesting.BrainBloom.shieldconfig;
				PRODUCT_NAME = "$(TARGET_NAME)";
				SDKROOT = iphoneos;
				SKIP_INSTALL = YES;
				SWIFT_OPTIMIZATION_LEVEL = "-O";
				SWIFT_VERSION = 5.0;
				TARGETED_DEVICE_FAMILY = "1,2";
			};
			name = Release;
		};
		7BC4907E2B5142568C543A7C /* Release */ = {
			isa = XCBuildConfiguration;
			buildSettings = {
				CODE_SIGN_ENTITLEMENTS = BrainBloomReport/BrainBloomReport.entitlements;
				CODE_SIGN_STYLE = Automatic;
				CURRENT_PROJECT_VERSION = 1;
				DEVELOPMENT_TEAM = BVD8RUQX4N;
				GENERATE_INFOPLIST_FILE = NO;
				INFOPLIST_FILE = BrainBloomReport/Info.plist;
				IPHONEOS_DEPLOYMENT_TARGET = 16.4;
				LD_RUNPATH_SEARCH_PATHS = "@executable_path/../../Frameworks";
				MARKETING_VERSION = 10;
				PRODUCT_BUNDLE_IDENTIFIER = motesting.BrainBloom.report;
				PRODUCT_NAME = "$(TARGET_NAME)";
				SDKROOT = iphoneos;
				SKIP_INSTALL = YES;
				SUPPORTED_PLATFORMS = "iphoneos iphonesimulator";
				SWIFT_OPTIMIZATION_LEVEL = "-O";
				SWIFT_VERSION = 5.0;
				TARGETED_DEVICE_FAMILY = "1,2";
			};
			name = Release;
		};
		9ABBAADF320D418EB032CC34 /* Release */ = {
			isa = XCBuildConfiguration;
			buildSettings = {
				CODE_SIGN_ENTITLEMENTS = BrainBloomShieldAction/BrainBloomShieldAction.entitlements;
				CODE_SIGN_STYLE = Automatic;
				CURRENT_PROJECT_VERSION = 1;
				DEVELOPMENT_TEAM = BVD8RUQX4N;
				GENERATE_INFOPLIST_FILE = NO;
				INFOPLIST_FILE = BrainBloomShieldAction/Info.plist;
				IPHONEOS_DEPLOYMENT_TARGET = 16.4;
				LD_RUNPATH_SEARCH_PATHS = "@executable_path/../../Frameworks";
				MARKETING_VERSION = 10;
				PRODUCT_BUNDLE_IDENTIFIER = motesting.BrainBloom.shieldaction;
				PRODUCT_NAME = "$(TARGET_NAME)";
				SDKROOT = iphoneos;
				SKIP_INSTALL = YES;
				SWIFT_OPTIMIZATION_LEVEL = "-O";
				SWIFT_VERSION = 5.0;
				TARGETED_DEVICE_FAMILY = "1,2";
			};
			name = Release;
		};
		BA870CB62C304353AA0FEF67 /* Debug */ = {
			isa = XCBuildConfiguration;
			buildSettings = {
				CODE_SIGN_ENTITLEMENTS = BrainBloomMonitor/BrainBloomMonitor.entitlements;
				CODE_SIGN_STYLE = Automatic;
				CURRENT_PROJECT_VERSION = 1;
				DEVELOPMENT_TEAM = BVD8RUQX4N;
				GENERATE_INFOPLIST_FILE = NO;
				INFOPLIST_FILE = BrainBloomMonitor/Info.plist;
				IPHONEOS_DEPLOYMENT_TARGET = 16.4;
				LD_RUNPATH_SEARCH_PATHS = "@executable_path/../../Frameworks";
				MARKETING_VERSION = 10;
				PRODUCT_BUNDLE_IDENTIFIER = motesting.BrainBloom.monitor;
				PRODUCT_NAME = "$(TARGET_NAME)";
				SDKROOT = iphoneos;
				SKIP_INSTALL = YES;
				SWIFT_OPTIMIZATION_LEVEL = "-Onone";
				SWIFT_VERSION = 5.0;
				TARGETED_DEVICE_FAMILY = "1,2";
			};
			name = Debug;
		};
		CB940F86111E4D9395320FD5 /* Release */ = {
			isa = XCBuildConfiguration;
			buildSettings = {
				CODE_SIGN_ENTITLEMENTS = BrainBloomMonitor/BrainBloomMonitor.entitlements;
				CODE_SIGN_STYLE = Automatic;
				CURRENT_PROJECT_VERSION = 1;
				DEVELOPMENT_TEAM = BVD8RUQX4N;
				GENERATE_INFOPLIST_FILE = NO;
				INFOPLIST_FILE = BrainBloomMonitor/Info.plist;
				IPHONEOS_DEPLOYMENT_TARGET = 16.4;
				LD_RUNPATH_SEARCH_PATHS = "@executable_path/../../Frameworks";
				MARKETING_VERSION = 10;
				PRODUCT_BUNDLE_IDENTIFIER = motesting.BrainBloom.monitor;
				PRODUCT_NAME = "$(TARGET_NAME)";
				SDKROOT = iphoneos;
				SKIP_INSTALL = YES;
				SWIFT_OPTIMIZATION_LEVEL = "-O";
				SWIFT_VERSION = 5.0;
				TARGETED_DEVICE_FAMILY = "1,2";
			};
			name = Release;
		};
		D679A3C5BE4547029B35E578 /* Debug */ = {
			isa = XCBuildConfiguration;
			buildSettings = {
				CODE_SIGN_ENTITLEMENTS = BrainBloomShieldAction/BrainBloomShieldAction.entitlements;
				CODE_SIGN_STYLE = Automatic;
				CURRENT_PROJECT_VERSION = 1;
				DEVELOPMENT_TEAM = BVD8RUQX4N;
				GENERATE_INFOPLIST_FILE = NO;
				INFOPLIST_FILE = BrainBloomShieldAction/Info.plist;
				IPHONEOS_DEPLOYMENT_TARGET = 16.4;
				LD_RUNPATH_SEARCH_PATHS = "@executable_path/../../Frameworks";
				MARKETING_VERSION = 10;
				PRODUCT_BUNDLE_IDENTIFIER = motesting.BrainBloom.shieldaction;
				PRODUCT_NAME = "$(TARGET_NAME)";
				SDKROOT = iphoneos;
				SKIP_INSTALL = YES;
				SWIFT_OPTIMIZATION_LEVEL = "-Onone";
				SWIFT_VERSION = 5.0;
				TARGETED_DEVICE_FAMILY = "1,2";
			};
			name = Debug;
		};
/* End XCBuildConfiguration section */

/* Begin XCConfigurationList section */
		17DC455088D94E169C1FD4B6 /* Build configuration list for PBXNativeTarget "BrainBloomShieldConfig" */ = {
			isa = XCConfigurationList;
			buildConfigurations = (
				68F876151C2A44C6B3FF94AA /* Debug */,
				722532A089534A1490F63989 /* Release */,
			);
			defaultConfigurationIsVisible = 0;
			defaultConfigurationName = Release;
		};
		212A970A2F64A64700AE5F16 /* Build configuration list for PBXProject "BrainBloom" */ = {
			isa = XCConfigurationList;
			buildConfigurations = (
				212A97182F64A64800AE5F16 /* Debug */,
				212A97192F64A64800AE5F16 /* Release */,
			);
			defaultConfigurationIsVisible = 0;
			defaultConfigurationName = Release;
		};
		212A971A2F64A64800AE5F16 /* Build configuration list for PBXNativeTarget "BrainBloom" */ = {
			isa = XCConfigurationList;
			buildConfigurations = (
				212A971B2F64A64800AE5F16 /* Debug */,
				212A971C2F64A64800AE5F16 /* Release */,
			);
			defaultConfigurationIsVisible = 0;
			defaultConfigurationName = Release;
		};
		2C1FF5141C6F4C41B5BD81CC /* Build configuration list for PBXNativeTarget "BrainBloomShieldAction" */ = {
			isa = XCConfigurationList;
			buildConfigurations = (
				D679A3C5BE4547029B35E578 /* Debug */,
				9ABBAADF320D418EB032CC34 /* Release */,
			);
			defaultConfigurationIsVisible = 0;
			defaultConfigurationName = Release;
		};
		5797747CBB2D4EF69E324340 /* Build configuration list for PBXNativeTarget "BrainBloomReport" */ = {
			isa = XCConfigurationList;
			buildConfigurations = (
				5C554F3B5EF8445A9AAA3672 /* Debug */,
				7BC4907E2B5142568C543A7C /* Release */,
			);
			defaultConfigurationIsVisible = 0;
			defaultConfigurationName = Release;
		};
		DAC4E0F352FE4C3DBA147C94 /* Build configuration list for PBXNativeTarget "BrainBloomTests" */ = {
			isa = XCConfigurationList;
			buildConfigurations = (
				41640FD903F84579B93316A4 /* Debug */,
				2068D8B8FEBB4657A928EE9F /* Release */,
			);
			defaultConfigurationIsVisible = 0;
			defaultConfigurationName = Release;
		};
		F1A5FDC0725941F583EF1A51 /* Build configuration list for PBXNativeTarget "BrainBloomMonitor" */ = {
			isa = XCConfigurationList;
			buildConfigurations = (
				BA870CB62C304353AA0FEF67 /* Debug */,
				CB940F86111E4D9395320FD5 /* Release */,
			);
			defaultConfigurationIsVisible = 0;
			defaultConfigurationName = Release;
		};
/* End XCConfigurationList section */
	};
	rootObject = 212A97072F64A64700AE5F16 /* Project object */;
}
